// !$*UTF8*$!
{
	archiveVersion = 1;
	classes = {
	};
	objectVersion = 77;
	objects = {

/* Begin PBXContainerItemProxy section */
		8470859E2CC359E100F16AB7 /* PBXContainerItemProxy */ = {
			isa = PBXContainerItemProxy;
			containerPortal = 847085852CC359DE00F16AB7 /* Project object */;
			proxyType = 1;
			remoteGlobalIDString = 8470858C2CC359DE00F16AB7;
			remoteInfo = PocketAmigo;
		};
		847085A82CC359E100F16AB7 /* PBXContainerItemProxy */ = {
			isa = PBXContainerItemProxy;
			containerPortal = 847085852CC359DE00F16AB7 /* Project object */;
			proxyType = 1;
			remoteGlobalIDString = 8470858C2CC359DE00F16AB7;
			remoteInfo = PocketAmigo;
		};
/* End PBXContainerItemProxy section */

/* Begin PBXFileReference section */
		8470858D2CC359DE00F16AB7 /* PocketAmigo.app */ = {isa = PBXFileReference; explicitFileType = wrapper.application; includeInIndex = 0; path = PocketAmigo.app; sourceTree = BUILT_PRODUCTS_DIR; };
		8470859D2CC359E100F16AB7 /* PocketAmigoTests.xctest */ = {isa = PBXFileReference; explicitFileType = wrapper.cfbundle; includeInIndex = 0; path = PocketAmigoTests.xctest; sourceTree = BUILT_PRODUCTS_DIR; };
		847085A72CC359E100F16AB7 /* PocketAmigoUITests.xctest */ = {isa = PBXFileReference; explicitFileType = wrapper.cfbundle; includeInIndex = 0; path = PocketAmigoUITests.xctest; sourceTree = BUILT_PRODUCTS_DIR; };
/* End PBXFileReference section */

/* Begin PBXFileSystemSynchronizedRootGroup section */
		8470858F2CC359DE00F16AB7 /* PocketAmigo */ = {
			isa = PBXFileSystemSynchronizedRootGroup;
			path = PocketAmigo;
			sourceTree = "<group>";
		};
		847085A02CC359E100F16AB7 /* PocketAmigoTests */ = {
			isa = PBXFileSystemSynchronizedRootGroup;
			path = PocketAmigoTests;
			sourceTree = "<group>";
		};
		847085AA2CC359E100F16AB7 /* PocketAmigoUITests */ = {
			isa = PBXFileSystemSynchronizedRootGroup;
			path = PocketAmigoUITests;
			sourceTree = "<group>";
		};
/* End PBXFileSystemSynchronizedRootGroup section */

/* Begin PBXFrameworksBuildPhase section */
		8470858A2CC359DE00F16AB7 /* Frameworks */ = {
			isa = PBXFrameworksBuildPhase;
			buildActionMask = 2147483647;
			files = (
			);
			runOnlyForDeploymentPostprocessing = 0;
		};
		8470859A2CC359E100F16AB7 /* Frameworks */ = {
			isa = PBXFrameworksBuildPhase;
			buildActionMask = 2147483647;
			files = (
			);
			runOnlyForDeploymentPostprocessing = 0;
		};
		847085A42CC359E100F16AB7 /* Frameworks */ = {
			isa = PBXFrameworksBuildPhase;
			buildActionMask = 2147483647;
			files = (
			);
			runOnlyForDeploymentPostprocessing = 0;
		};
/* End PBXFrameworksBuildPhase section */

/* Begin PBXGroup section */
		847085842CC359DE00F16AB7 = {
			isa = PBXGroup;
			children = (
				8470858F2CC359DE00F16AB7 /* PocketAmigo */,
				847085A02CC359E100F16AB7 /* PocketAmigoTests */,
				847085AA2CC359E100F16AB7 /* PocketAmigoUITests */,
				8470858E2CC359DE00F16AB7 /* Products */,
			);
			sourceTree = "<group>";
		};
		8470858E2CC359DE00F16AB7 /* Products */ = {
			isa = PBXGroup;
			children = (
				8470858D2CC359DE00F16AB7 /* PocketAmigo.app */,
				8470859D2CC359E100F16AB7 /* PocketAmigoTests.xctest */,
				847085A72CC359E100F16AB7 /* PocketAmigoUITests.xctest */,
			);
			name = Products;
			sourceTree = "<group>";
		};
/* End PBXGroup section */

/* Begin PBXNativeTarget section */
		8470858C2CC359DE00F16AB7 /* PocketAmigo */ = {
			isa = PBXNativeTarget;
			buildConfigurationList = 847085B12CC359E100F16AB7 /* Build configuration list for PBXNativeTarget "PocketAmigo" */;
			buildPhases = (
				847085892CC359DE00F16AB7 /* Sources */,
				8470858A2CC359DE00F16AB7 /* Frameworks */,
				8470858B2CC359DE00F16AB7 /* Resources */,
			);
			buildRules = (
			);
			dependencies = (
			);
			fileSystemSynchronizedGroups = (
				8470858F2CC359DE00F16AB7 /* PocketAmigo */,
			);
			name = PocketAmigo;
			packageProductDependencies = (
			);
			productName = PocketAmigo;
			productReference = 8470858D2CC359DE00F16AB7 /* PocketAmigo.app */;
			productType = "com.apple.product-type.application";
		};
		8470859C2CC359E100F16AB7 /* PocketAmigoTests */ = {
			isa = PBXNativeTarget;
			buildConfigurationList = 847085B42CC359E100F16AB7 /* Build configuration list for PBXNativeTarget "PocketAmigoTests" */;
			buildPhases = (
				847085992CC359E100F16AB7 /* Sources */,
				8470859A2CC359E100F16AB7 /* Frameworks */,
				8470859B2CC359E100F16AB7 /* Resources */,
			);
			buildRules = (
			);
			dependencies = (
				8470859F2CC359E100F16AB7 /* PBXTargetDependency */,
			);
			fileSystemSynchronizedGroups = (
				847085A02CC359E100F16AB7 /* PocketAmigoTests */,
			);
			name = PocketAmigoTests;
			packageProductDependencies = (
			);
			productName = PocketAmigoTests;
			productReference = 8470859D2CC359E100F16AB7 /* PocketAmigoTests.xctest */;
			productType = "com.apple.product-type.bundle.unit-test";
		};
		847085A62CC359E100F16AB7 /* PocketAmigoUITests */ = {
			isa = PBXNativeTarget;
			buildConfigurationList = 847085B72CC359E100F16AB7 /* Build configuration list for PBXNativeTarget "PocketAmigoUITests" */;
			buildPhases = (
				847085A32CC359E100F16AB7 /* Sources */,
				847085A42CC359E100F16AB7 /* Frameworks */,
				847085A52CC359E100F16AB7 /* Resources */,
			);
			buildRules = (
			);
			dependencies = (
				847085A92CC359E100F16AB7 /* PBXTargetDependency */,
			);
			fileSystemSynchronizedGroups = (
				847085AA2CC359E100F16AB7 /* PocketAmigoUITests */,
			);
			name = PocketAmigoUITests;
			packageProductDependencies = (
			);
			productName = PocketAmigoUITests;
			productReference = 847085A72CC359E100F16AB7 /* PocketAmigoUITests.xctest */;
			productType = "com.apple.product-type.bundle.ui-testing";
		};
/* End PBXNativeTarget section */

/* Begin PBXProject section */
		847085852CC359DE00F16AB7 /* Project object */ = {
			isa = PBXProject;
			attributes = {
				BuildIndependentTargetsInParallel = 1;
				LastSwiftUpdateCheck = 1600;
				LastUpgradeCheck = 1600;
				TargetAttributes = {
					8470858C2CC359DE00F16AB7 = {
						CreatedOnToolsVersion = 16.0;
					};
					8470859C2CC359E100F16AB7 = {
						CreatedOnToolsVersion = 16.0;
						TestTargetID = 8470858C2CC359DE00F16AB7;
					};
					847085A62CC359E100F16AB7 = {
						CreatedOnToolsVersion = 16.0;
						TestTargetID = 8470858C2CC359DE00F16AB7;
					};
				};
			};
			buildConfigurationList = 847085882CC359DE00F16AB7 /* Build configuration list for PBXProject "PocketAmigo" */;
			developmentRegion = en;
			hasScannedForEncodings = 0;
			knownRegions = (
				en,
				Base,
			);
			mainGroup = 847085842CC359DE00F16AB7;
			minimizedProjectReferenceProxies = 1;
			preferredProjectObjectVersion = 77;
			productRefGroup = 8470858E2CC359DE00F16AB7 /* Products */;
			projectDirPath = "";
			projectRoot = "";
			targets = (
				8470858C2CC359DE00F16AB7 /* PocketAmigo */,
				8470859C2CC359E100F16AB7 /* PocketAmigoTests */,
				847085A62CC359E100F16AB7 /* PocketAmigoUITests */,
			);
		};
/* End PBXProject section */

/* Begin PBXResourcesBuildPhase section */
		8470858B2CC359DE00F16AB7 /* Resources */ = {
			isa = PBXResourcesBuildPhase;
			buildActionMask = 2147483647;
			files = (
			);
			runOnlyForDeploymentPostprocessing = 0;
		};
		8470859B2CC359E100F16AB7 /* Resources */ = {
			isa = PBXResourcesBuildPhase;
			buildActionMask = 2147483647;
			files = (
			);
			runOnlyForDeploymentPostprocessing = 0;
		};
		847085A52CC359E100F16AB7 /* Resources */ = {
			isa = PBXResourcesBuildPhase;
			buildActionMask = 2147483647;
			files = (
			);
			runOnlyForDeploymentPostprocessing = 0;
		};
/* End PBXResourcesBuildPhase section */

/* Begin PBXSourcesBuildPhase section */
		847085892CC359DE00F16AB7 /* Sources */ = {
			isa = PBXSourcesBuildPhase;
			buildActionMask = 2147483647;
			files = (
			);
			runOnlyForDeploymentPostprocessing = 0;
		};
		847085992CC359E100F16AB7 /* Sources */ = {
			isa = PBXSourcesBuildPhase;
			buildActionMask = 2147483647;
			files = (
			);
			runOnlyForDeploymentPostprocessing = 0;
		};
		847085A32CC359E100F16AB7 /* Sources */ = {
			isa = PBXSourcesBuildPhase;
			buildActionMask = 2147483647;
			files = (
			);
			runOnlyForDeploymentPostprocessing = 0;
		};
/* End PBXSourcesBuildPhase section */

/* Begin PBXTargetDependency section */
		8470859F2CC359E100F16AB7 /* PBXTargetDependency */ = {
			isa = PBXTargetDependency;
			target = 8470858C2CC359DE00F16AB7 /* PocketAmigo */;
			targetProxy = 8470859E2CC359E100F16AB7 /* PBXContainerItemProxy */;
		};
		847085A92CC359E100F16AB7 /* PBXTargetDependency */ = {
			isa = PBXTargetDependency;
			target = 8470858C2CC359DE00F16AB7 /* PocketAmigo */;
			targetProxy = 847085A82CC359E100F16AB7 /* PBXContainerItemProxy */;
		};
/* End PBXTargetDependency section */

/* Begin XCBuildConfiguration section */
		847085AF2CC359E100F16AB7 /* Debug */ = {
			isa = XCBuildConfiguration;
			buildSettings = {
				ALWAYS_SEARCH_USER_PATHS = NO;
				ASSETCATALOG_COMPILER_GENERATE_SWIFT_ASSET_SYMBOL_EXTENSIONS = YES;
				CLANG_ANALYZER_NONNULL = YES;
				CLANG_ANALYZER_NUMBER_OBJECT_CONVERSION = YES_AGGRESSIVE;
				CLANG_CXX_LANGUAGE_STANDARD = "gnu++20";
				CLANG_ENABLE_MODULES = YES;
				CLANG_ENABLE_OBJC_ARC = YES;
				CLANG_ENABLE_OBJC_WEAK = YES;
				CLANG_WARN_BLOCK_CAPTURE_AUTORELEASING = YES;
				CLANG_WARN_BOOL_CONVERSION = YES;
				CLANG_WARN_COMMA = YES;
				CLANG_WARN_CONSTANT_CONVERSION = YES;
				CLANG_WARN_DEPRECATED_OBJC_IMPLEMENTATIONS = YES;
				CLANG_WARN_DIRECT_OBJC_ISA_USAGE = YES_ERROR;
				CLANG_WARN_DOCUMENTATION_COMMENTS = YES;
				CLANG_WARN_EMPTY_BODY = YES;
				CLANG_WARN_ENUM_CONVERSION = YES;
				CLANG_WARN_INFINITE_RECURSION = YES;
				CLANG_WARN_INT_CONVERSION = YES;
				CLANG_WARN_NON_LITERAL_NULL_CONVERSION = YES;
				CLANG_WARN_OBJC_IMPLICIT_RETAIN_SELF = YES;
				CLANG_WARN_OBJC_LITERAL_CONVERSION = YES;
				CLANG_WARN_OBJC_ROOT_CLASS = YES_ERROR;
				CLANG_WARN_QUOTED_INCLUDE_IN_FRAMEWORK_HEADER = YES;
				CLANG_WARN_RANGE_LOOP_ANALYSIS = YES;
				CLANG_WARN_STRICT_PROTOTYPES = YES;
				CLANG_WARN_SUSPICIOUS_MOVE = YES;
				CLANG_WARN_UNGUARDED_AVAILABILITY = YES_AGGRESSIVE;
				CLANG_WARN_UNREACHABLE_CODE = YES;
				CLANG_WARN__DUPLICATE_METHOD_MATCH = YES;
				COPY_PHASE_STRIP = NO;
				DEBUG_INFORMATION_FORMAT = dwarf;
				ENABLE_STRICT_OBJC_MSGSEND = YES;
				ENABLE_TESTABILITY = YES;
				ENABLE_USER_SCRIPT_SANDBOXING = YES;
				GCC_C_LANGUAGE_STANDARD = gnu17;
				GCC_DYNAMIC_NO_PIC = NO;
				GCC_NO_COMMON_BLOCKS = YES;
				GCC_OPTIMIZATION_LEVEL = 0;
				GCC_PREPROCESSOR_DEFINITIONS = (
					"DEBUG=1",
					"$(inherited)",
				);
				GCC_WARN_64_TO_32_BIT_CONVERSION = YES;
				GCC_WARN_ABOUT_RETURN_TYPE = YES_ERROR;
				GCC_WARN_UNDECLARED_SELECTOR = YES;
				GCC_WARN_UNINITIALIZED_AUTOS = YES_AGGRESSIVE;
				GCC_WARN_UNUSED_FUNCTION = YES;
				GCC_WARN_UNUSED_VARIABLE = YES;
				IPHONEOS_DEPLOYMENT_TARGET = 18.0;
				LOCALIZATION_PREFERS_STRING_CATALOGS = YES;
				MTL_ENABLE_DEBUG_INFO = INCLUDE_SOURCE;
				MTL_FAST_MATH = YES;
				ONLY_ACTIVE_ARCH = YES;
				SDKROOT = iphoneos;
				SWIFT_ACTIVE_COMPILATION_CONDITIONS = "DEBUG $(inherited)";
				SWIFT_OPTIMIZATION_LEVEL = "-Onone";
			};
			name = Debug;
		};
		847085B02CC359E100F16AB7 /* Release */ = {
			isa = XCBuildConfiguration;
			buildSettings = {
				ALWAYS_SEARCH_USER_PATHS = NO;
				ASSETCATALOG_COMPILER_GENERATE_SWIFT_ASSET_SYMBOL_EXTENSIONS = YES;
				CLANG_ANALYZER_NONNULL = YES;
				CLANG_ANALYZER_NUMBER_OBJECT_CONVERSION = YES_AGGRESSIVE;
				CLANG_CXX_LANGUAGE_STANDARD = "gnu++20";
				CLANG_ENABLE_MODULES = YES;
				CLANG_ENABLE_OBJC_ARC = YES;
				CLANG_ENABLE_OBJC_WEAK = YES;
				CLANG_WARN_BLOCK_CAPTURE_AUTORELEASING = YES;
				CLANG_WARN_BOOL_CONVERSION = YES;
				CLANG_WARN_COMMA = YES;
				CLANG_WARN_CONSTANT_CONVERSION = YES;
				CLANG_WARN_DEPRECATED_OBJC_IMPLEMENTATIONS = YES;
				CLANG_WARN_DIRECT_OBJC_ISA_USAGE = YES_ERROR;
				CLANG_WARN_DOCUMENTATION_COMMENTS = YES;
				CLANG_WARN_EMPTY_BODY = YES;
				CLANG_WARN_ENUM_CONVERSION = YES;
				CLANG_WARN_INFINITE_RECURSION = YES;
				CLANG_WARN_INT_CONVERSION = YES;
				CLANG_WARN_NON_LITERAL_NULL_CONVERSION = YES;
				CLANG_WARN_OBJC_IMPLICIT_RETAIN_SELF = YES;
				CLANG_WARN_OBJC_LITERAL_CONVERSION = YES;
				CLANG_WARN_OBJC_ROOT_CLASS = YES_ERROR;
				CLANG_WARN_QUOTED_INCLUDE_IN_FRAMEWORK_HEADER = YES;
				CLANG_WARN_RANGE_LOOP_ANALYSIS = YES;
				CLANG_WARN_STRICT_PROTOTYPES = YES;
				CLANG_WARN_SUSPICIOUS_MOVE = YES;
				CLANG_WARN_UNGUARDED_AVAILABILITY = YES_AGGRESSIVE;
				CLANG_WARN_UNREACHABLE_CODE = YES;
				CLANG_WARN__DUPLICATE_METHOD_MATCH = YES;
				COPY_PHASE_STRIP = NO;
				DEBUG_INFORMATION_FORMAT = "dwarf-with-dsym";
				ENABLE_NS_ASSERTIONS = NO;
				ENABLE_STRICT_OBJC_MSGSEND = YES;
				ENABLE_USER_SCRIPT_SANDBOXING = YES;
				GCC_C_LANGUAGE_STANDARD = gnu17;
				GCC_NO_COMMON_BLOCKS = YES;
				GCC_WARN_64_TO_32_BIT_CONVERSION = YES;
				GCC_WARN_ABOUT_RETURN_TYPE = YES_ERROR;
				GCC_WARN_UNDECLARED_SELECTOR = YES;
				GCC_WARN_UNINITIALIZED_AUTOS = YES_AGGRESSIVE;
				GCC_WARN_UNUSED_FUNCTION = YES;
				GCC_WARN_UNUSED_VARIABLE = YES;
				IPHONEOS_DEPLOYMENT_TARGET = 18.0;
				LOCALIZATION_PREFERS_STRING_CATALOGS = YES;
				MTL_ENABLE_DEBUG_INFO = NO;
				MTL_FAST_MATH = YES;
				SDKROOT = iphoneos;
				SWIFT_COMPILATION_MODE = wholemodule;
				VALIDATE_PRODUCT = YES;
			};
			name = Release;
		};
		847085B22CC359E100F16AB7 /* Debug */ = {
			isa = XCBuildConfiguration;
			buildSettings = {
				ASSETCATALOG_COMPILER_APPICON_NAME = AppIcon;
				ASSETCATALOG_COMPILER_GLOBAL_ACCENT_COLOR_NAME = AccentColor;
				CODE_SIGN_STYLE = Automatic;
				CURRENT_PROJECT_VERSION = 1;
				DEVELOPMENT_ASSET_PATHS = "\"PocketAmigo/Preview Content\"";
				DEVELOPMENT_TEAM = 5TE6JQ4578;
				ENABLE_PREVIEWS = YES;
				GENERATE_INFOPLIST_FILE = YES;
				INFOPLIST_KEY_UIApplicationSceneManifest_Generation = YES;
				INFOPLIST_KEY_UIApplicationSupportsIndirectInputEvents = YES;
				INFOPLIST_KEY_UILaunchScreen_Generation = YES;
				INFOPLIST_KEY_UISupportedInterfaceOrientations_iPad = "UIInterfaceOrientationPortrait UIInterfaceOrientationPortraitUpsideDown UIInterfaceOrientationLandscapeLeft UIInterfaceOrientationLandscapeRight";
				INFOPLIST_KEY_UISupportedInterfaceOrientations_iPhone = "UIInterfaceOrientationPortrait UIInterfaceOrientationLandscapeLeft UIInterfaceOrientationLandscapeRight";
				LD_RUNPATH_SEARCH_PATHS = (
					"$(inherited)",
					"@executable_path/Frameworks",
				);
				MARKETING_VERSION = 1.0;
				PRODUCT_BUNDLE_IDENTIFIER = ZMX.PocketAmigo;
				PRODUCT_NAME = "$(TARGET_NAME)";
				SWIFT_EMIT_LOC_STRINGS = YES;
				SWIFT_VERSION = 5.0;
				TARGETED_DEVICE_FAMILY = "1,2";
			};
			name = Debug;
		};
		847085B32CC359E100F16AB7 /* Release */ = {
			isa = XCBuildConfiguration;
			buildSettings = {
				ASSETCATALOG_COMPILER_APPICON_NAME = AppIcon;
				ASSETCATALOG_COMPILER_GLOBAL_ACCENT_COLOR_NAME = AccentColor;
				CODE_SIGN_STYLE = Automatic;
				CURRENT_PROJECT_VERSION = 1;
				DEVELOPMENT_ASSET_PATHS = "\"PocketAmigo/Preview Content\"";
				DEVELOPMENT_TEAM = 5TE6JQ4578;
				ENABLE_PREVIEWS = YES;
				GENERATE_INFOPLIST_FILE = YES;
				INFOPLIST_KEY_UIApplicationSceneManifest_Generation = YES;
				INFOPLIST_KEY_UIApplicationSupportsIndirectInputEvents = YES;
				INFOPLIST_KEY_UILaunchScreen_Generation = YES;
				INFOPLIST_KEY_UISupportedInterfaceOrientations_iPad = "UIInterfaceOrientationPortrait UIInterfaceOrientationPortraitUpsideDown UIInterfaceOrientationLandscapeLeft UIInterfaceOrientationLandscapeRight";
				INFOPLIST_KEY_UISupportedInterfaceOrientations_iPhone = "UIInterfaceOrientationPortrait UIInterfaceOrientationLandscapeLeft UIInterfaceOrientationLandscapeRight";
				LD_RUNPATH_SEARCH_PATHS = (
					"$(inherited)",
					"@executable_path/Frameworks",
				);
				MARKETING_VERSION = 1.0;
				PRODUCT_BUNDLE_IDENTIFIER = ZMX.PocketAmigo;
				PRODUCT_NAME = "$(TARGET_NAME)";
				SWIFT_EMIT_LOC_STRINGS = YES;
				SWIFT_VERSION = 5.0;
				TARGETED_DEVICE_FAMILY = "1,2";
			};
			name = Release;
		};
		847085B52CC359E100F16AB7 /* Debug */ = {
			isa = XCBuildConfiguration;
			buildSettings = {
				BUNDLE_LOADER = "$(TEST_HOST)";
				CODE_SIGN_STYLE = Automatic;
				CURRENT_PROJECT_VERSION = 1;
				DEVELOPMENT_TEAM = 5TE6JQ4578;
				GENERATE_INFOPLIST_FILE = YES;
				IPHONEOS_DEPLOYMENT_TARGET = 18.0;
				MARKETING_VERSION = 1.0;
				PRODUCT_BUNDLE_IDENTIFIER = ZMX.PocketAmigoTests;
				PRODUCT_NAME = "$(TARGET_NAME)";
				SWIFT_EMIT_LOC_STRINGS = NO;
				SWIFT_VERSION = 5.0;
				TARGETED_DEVICE_FAMILY = "1,2";
				TEST_HOST = "$(BUILT_PRODUCTS_DIR)/PocketAmigo.app/$(BUNDLE_EXECUTABLE_FOLDER_PATH)/PocketAmigo";
			};
			name = Debug;
		};
		847085B62CC359E100F16AB7 /* Release */ = {
			isa = XCBuildConfiguration;
			buildSettings = {
				BUNDLE_LOADER = "$(TEST_HOST)";
				CODE_SIGN_STYLE = Automatic;
				CURRENT_PROJECT_VERSION = 1;
				DEVELOPMENT_TEAM = 5TE6JQ4578;
				GENERATE_INFOPLIST_FILE = YES;
				IPHONEOS_DEPLOYMENT_TARGET = 18.0;
				MARKETING_VERSION = 1.0;
				PRODUCT_BUNDLE_IDENTIFIER = ZMX.PocketAmigoTests;
				PRODUCT_NAME = "$(TARGET_NAME)";
				SWIFT_EMIT_LOC_STRINGS = NO;
				SWIFT_VERSION = 5.0;
				TARGETED_DEVICE_FAMILY = "1,2";
				TEST_HOST = "$(BUILT_PRODUCTS_DIR)/PocketAmigo.app/$(BUNDLE_EXECUTABLE_FOLDER_PATH)/PocketAmigo";
			};
			name = Release;
		};
		847085B82CC359E100F16AB7 /* Debug */ = {
			isa = XCBuildConfiguration;
			buildSettings = {
				CODE_SIGN_STYLE = Automatic;
				CURRENT_PROJECT_VERSION = 1;
				DEVELOPMENT_TEAM = 5TE6JQ4578;
				GENERATE_INFOPLIST_FILE = YES;
				MARKETING_VERSION = 1.0;
				PRODUCT_BUNDLE_IDENTIFIER = ZMX.PocketAmigoUITests;
				PRODUCT_NAME = "$(TARGET_NAME)";
				SWIFT_EMIT_LOC_STRINGS = NO;
				SWIFT_VERSION = 5.0;
				TARGETED_DEVICE_FAMILY = "1,2";
				TEST_TARGET_NAME = PocketAmigo;
			};
			name = Debug;
		};
		847085B92CC359E100F16AB7 /* Release */ = {
			isa = XCBuildConfiguration;
			buildSettings = {
				CODE_SIGN_STYLE = Automatic;
				CURRENT_PROJECT_VERSION = 1;
				DEVELOPMENT_TEAM = 5TE6JQ4578;
				GENERATE_INFOPLIST_FILE = YES;
				MARKETING_VERSION = 1.0;
				PRODUCT_BUNDLE_IDENTIFIER = ZMX.PocketAmigoUITests;
				PRODUCT_NAME = "$(TARGET_NAME)";
				SWIFT_EMIT_LOC_STRINGS = NO;
				SWIFT_VERSION = 5.0;
				TARGETED_DEVICE_FAMILY = "1,2";
				TEST_TARGET_NAME = PocketAmigo;
			};
			name = Release;
		};
/* End XCBuildConfiguration section */

/* Begin XCConfigurationList section */
		847085882CC359DE00F16AB7 /* Build configuration list for PBXProject "PocketAmigo" */ = {
			isa = XCConfigurationList;
			buildConfigurations = (
				847085AF2CC359E100F16AB7 /* Debug */,
				847085B02CC359E100F16AB7 /* Release */,
			);
			defaultConfigurationIsVisible = 0;
			defaultConfigurationName = Release;
		};
		847085B12CC359E100F16AB7 /* Build configuration list for PBXNativeTarget "PocketAmigo" */ = {
			isa = XCConfigurationList;
			buildConfigurations = (
				847085B22CC359E100F16AB7 /* Debug */,
				847085B32CC359E100F16AB7 /* Release */,
			);
			defaultConfigurationIsVisible = 0;
			defaultConfigurationName = Release;
		};
		847085B42CC359E100F16AB7 /* Build configuration list for PBXNativeTarget "PocketAmigoTests" */ = {
			isa = XCConfigurationList;
			buildConfigurations = (
				847085B52CC359E100F16AB7 /* Debug */,
				847085B62CC359E100F16AB7 /* Release */,
			);
			defaultConfigurationIsVisible = 0;
			defaultConfigurationName = Release;
		};
		847085B72CC359E100F16AB7 /* Build configuration list for PBXNativeTarget "PocketAmigoUITests" */ = {
			isa = XCConfigurationList;
			buildConfigurations = (
				847085B82CC359E100F16AB7 /* Debug */,
				847085B92CC359E100F16AB7 /* Release */,
			);
			defaultConfigurationIsVisible = 0;
			defaultConfigurationName = Release;
		};
/* End XCConfigurationList section */
	};
	rootObject = 847085852CC359DE00F16AB7 /* Project object */;
}
