// !$*UTF8*$!
{
	archiveVersion = 1;
	classes = {
	};
	objectVersion = 56;
	objects = {

/* Begin PBXBuildFile section */
		842762A82CC38A9600F11D04 /* PoketRootView.swift in Sources */ = {isa = PBXBuildFile; fileRef = 842762A72CC38A9600F11D04 /* PoketRootView.swift */; };
		842762AE2CC38B0900F11D04 /* ability-34.json in Resources */ = {isa = PBXBuildFile; fileRef = 842762AC2CC38B0900F11D04 /* ability-34.json */; };
		842762AF2CC38B0900F11D04 /* ability-65.json in Resources */ = {isa = PBXBuildFile; fileRef = 842762AD2CC38B0900F11D04 /* ability-65.json */; };
		842762CE2CC38B1200F11D04 /* pokemon-7.json in Resources */ = {isa = PBXBuildFile; fileRef = 842762B62CC38B1200F11D04 /* pokemon-7.json */; };
		842762CF2CC38B1200F11D04 /* pokemon-12.json in Resources */ = {isa = PBXBuildFile; fileRef = 842762BB2CC38B1200F11D04 /* pokemon-12.json */; };
		842762D02CC38B1200F11D04 /* pokemon-9.json in Resources */ = {isa = PBXBuildFile; fileRef = 842762B82CC38B1200F11D04 /* pokemon-9.json */; };
		842762D12CC38B1200F11D04 /* pokemon-10.json in Resources */ = {isa = PBXBuildFile; fileRef = 842762B92CC38B1200F11D04 /* pokemon-10.json */; };
		842762D22CC38B1200F11D04 /* pokemon-19.json in Resources */ = {isa = PBXBuildFile; fileRef = 842762C22CC38B1200F11D04 /* pokemon-19.json */; };
		842762D32CC38B1200F11D04 /* pokemon-22.json in Resources */ = {isa = PBXBuildFile; fileRef = 842762C52CC38B1200F11D04 /* pokemon-22.json */; };
		842762D42CC38B1200F11D04 /* pokemon-5.json in Resources */ = {isa = PBXBuildFile; fileRef = 842762B42CC38B1200F11D04 /* pokemon-5.json */; };
		842762D52CC38B1200F11D04 /* pokemon-25.json in Resources */ = {isa = PBXBuildFile; fileRef = 842762C82CC38B1200F11D04 /* pokemon-25.json */; };
		842762D62CC38B1200F11D04 /* pokemon-2.json in Resources */ = {isa = PBXBuildFile; fileRef = 842762B12CC38B1200F11D04 /* pokemon-2.json */; };
		842762D72CC38B1200F11D04 /* pokemon-6.json in Resources */ = {isa = PBXBuildFile; fileRef = 842762B52CC38B1200F11D04 /* pokemon-6.json */; };
		842762D82CC38B1200F11D04 /* pokemon-8.json in Resources */ = {isa = PBXBuildFile; fileRef = 842762B72CC38B1200F11D04 /* pokemon-8.json */; };
		842762D92CC38B1200F11D04 /* pokemon-3.json in Resources */ = {isa = PBXBuildFile; fileRef = 842762B22CC38B1200F11D04 /* pokemon-3.json */; };
		842762DA2CC38B1200F11D04 /* pokemon-24.json in Resources */ = {isa = PBXBuildFile; fileRef = 842762C72CC38B1200F11D04 /* pokemon-24.json */; };
		842762DB2CC38B1200F11D04 /* pokemon-23.json in Resources */ = {isa = PBXBuildFile; fileRef = 842762C62CC38B1200F11D04 /* pokemon-23.json */; };
		842762DC2CC38B1200F11D04 /* pokemon-11.json in Resources */ = {isa = PBXBuildFile; fileRef = 842762BA2CC38B1200F11D04 /* pokemon-11.json */; };
		842762DD2CC38B1200F11D04 /* pokemon-30.json in Resources */ = {isa = PBXBuildFile; fileRef = 842762CD2CC38B1200F11D04 /* pokemon-30.json */; };
		842762DE2CC38B1200F11D04 /* pokemon-17.json in Resources */ = {isa = PBXBuildFile; fileRef = 842762C02CC38B1200F11D04 /* pokemon-17.json */; };
		842762DF2CC38B1200F11D04 /* pokemon-15.json in Resources */ = {isa = PBXBuildFile; fileRef = 842762BE2CC38B1200F11D04 /* pokemon-15.json */; };
		842762E02CC38B1200F11D04 /* pokemon-26.json in Resources */ = {isa = PBXBuildFile; fileRef = 842762C92CC38B1200F11D04 /* pokemon-26.json */; };
		842762E12CC38B1200F11D04 /* pokemon-29.json in Resources */ = {isa = PBXBuildFile; fileRef = 842762CC2CC38B1200F11D04 /* pokemon-29.json */; };
		842762E22CC38B1200F11D04 /* pokemon-16.json in Resources */ = {isa = PBXBuildFile; fileRef = 842762BF2CC38B1200F11D04 /* pokemon-16.json */; };
		842762E32CC38B1200F11D04 /* pokemon-1.json in Resources */ = {isa = PBXBuildFile; fileRef = 842762B02CC38B1200F11D04 /* pokemon-1.json */; };
		842762E42CC38B1200F11D04 /* pokemon-18.json in Resources */ = {isa = PBXBuildFile; fileRef = 842762C12CC38B1200F11D04 /* pokemon-18.json */; };
		842762E52CC38B1200F11D04 /* pokemon-14.json in Resources */ = {isa = PBXBuildFile; fileRef = 842762BD2CC38B1200F11D04 /* pokemon-14.json */; };
		842762E62CC38B1200F11D04 /* pokemon-20.json in Resources */ = {isa = PBXBuildFile; fileRef = 842762C32CC38B1200F11D04 /* pokemon-20.json */; };
		842762E72CC38B1200F11D04 /* pokemon-21.json in Resources */ = {isa = PBXBuildFile; fileRef = 842762C42CC38B1200F11D04 /* pokemon-21.json */; };
		842762E82CC38B1200F11D04 /* pokemon-27.json in Resources */ = {isa = PBXBuildFile; fileRef = 842762CA2CC38B1200F11D04 /* pokemon-27.json */; };
		842762E92CC38B1200F11D04 /* pokemon-13.json in Resources */ = {isa = PBXBuildFile; fileRef = 842762BC2CC38B1200F11D04 /* pokemon-13.json */; };
		842762EA2CC38B1200F11D04 /* pokemon-4.json in Resources */ = {isa = PBXBuildFile; fileRef = 842762B32CC38B1200F11D04 /* pokemon-4.json */; };
		842762EB2CC38B1200F11D04 /* pokemon-28.json in Resources */ = {isa = PBXBuildFile; fileRef = 842762CB2CC38B1200F11D04 /* pokemon-28.json */; };
		8427630A2CC38B1A00F11D04 /* pokemon-species-28.json in Resources */ = {isa = PBXBuildFile; fileRef = 842763072CC38B1A00F11D04 /* pokemon-species-28.json */; };
		8427630B2CC38B1A00F11D04 /* pokemon-species-27.json in Resources */ = {isa = PBXBuildFile; fileRef = 842763062CC38B1A00F11D04 /* pokemon-species-27.json */; };
		8427630C2CC38B1A00F11D04 /* pokemon-species-11.json in Resources */ = {isa = PBXBuildFile; fileRef = 842762F62CC38B1A00F11D04 /* pokemon-species-11.json */; };
		8427630D2CC38B1A00F11D04 /* pokemon-species-3.json in Resources */ = {isa = PBXBuildFile; fileRef = 842762EE2CC38B1A00F11D04 /* pokemon-species-3.json */; };
		8427630E2CC38B1A00F11D04 /* pokemon-species-14.json in Resources */ = {isa = PBXBuildFile; fileRef = 842762F92CC38B1A00F11D04 /* pokemon-species-14.json */; };
		8427630F2CC38B1A00F11D04 /* pokemon-species-15.json in Resources */ = {isa = PBXBuildFile; fileRef = 842762FA2CC38B1A00F11D04 /* pokemon-species-15.json */; };
		842763102CC38B1A00F11D04 /* pokemon-species-30.json in Resources */ = {isa = PBXBuildFile; fileRef = 842763092CC38B1A00F11D04 /* pokemon-species-30.json */; };
		842763112CC38B1A00F11D04 /* pokemon-species-23.json in Resources */ = {isa = PBXBuildFile; fileRef = 842763022CC38B1A00F11D04 /* pokemon-species-23.json */; };
		842763122CC38B1A00F11D04 /* pokemon-species-29.json in Resources */ = {isa = PBXBuildFile; fileRef = 842763082CC38B1A00F11D04 /* pokemon-species-29.json */; };
		842763132CC38B1A00F11D04 /* pokemon-species-26.json in Resources */ = {isa = PBXBuildFile; fileRef = 842763052CC38B1A00F11D04 /* pokemon-species-26.json */; };
		842763142CC38B1A00F11D04 /* pokemon-species-7.json in Resources */ = {isa = PBXBuildFile; fileRef = 842762F22CC38B1A00F11D04 /* pokemon-species-7.json */; };
		842763152CC38B1A00F11D04 /* pokemon-species-18.json in Resources */ = {isa = PBXBuildFile; fileRef = 842762FD2CC38B1A00F11D04 /* pokemon-species-18.json */; };
		842763162CC38B1A00F11D04 /* pokemon-species-22.json in Resources */ = {isa = PBXBuildFile; fileRef = 842763012CC38B1A00F11D04 /* pokemon-species-22.json */; };
		842763172CC38B1A00F11D04 /* pokemon-species-10.json in Resources */ = {isa = PBXBuildFile; fileRef = 842762F52CC38B1A00F11D04 /* pokemon-species-10.json */; };
		842763182CC38B1A00F11D04 /* pokemon-species-13.json in Resources */ = {isa = PBXBuildFile; fileRef = 842762F82CC38B1A00F11D04 /* pokemon-species-13.json */; };
		842763192CC38B1A00F11D04 /* pokemon-species-2.json in Resources */ = {isa = PBXBuildFile; fileRef = 842762ED2CC38B1A00F11D04 /* pokemon-species-2.json */; };
		8427631A2CC38B1A00F11D04 /* pokemon-species-6.json in Resources */ = {isa = PBXBuildFile; fileRef = 842762F12CC38B1A00F11D04 /* pokemon-species-6.json */; };
		8427631B2CC38B1A00F11D04 /* pokemon-species-17.json in Resources */ = {isa = PBXBuildFile; fileRef = 842762FC2CC38B1A00F11D04 /* pokemon-species-17.json */; };
		8427631C2CC38B1A00F11D04 /* pokemon-species-21.json in Resources */ = {isa = PBXBuildFile; fileRef = 842763002CC38B1A00F11D04 /* pokemon-species-21.json */; };
		8427631D2CC38B1A00F11D04 /* pokemon-species-8.json in Resources */ = {isa = PBXBuildFile; fileRef = 842762F32CC38B1A00F11D04 /* pokemon-species-8.json */; };
		8427631E2CC38B1A00F11D04 /* pokemon-species-19.json in Resources */ = {isa = PBXBuildFile; fileRef = 842762FE2CC38B1A00F11D04 /* pokemon-species-19.json */; };
		8427631F2CC38B1A00F11D04 /* pokemon-species-4.json in Resources */ = {isa = PBXBuildFile; fileRef = 842762EF2CC38B1A00F11D04 /* pokemon-species-4.json */; };
		842763202CC38B1A00F11D04 /* pokemon-species-24.json in Resources */ = {isa = PBXBuildFile; fileRef = 842763032CC38B1A00F11D04 /* pokemon-species-24.json */; };
		842763212CC38B1A00F11D04 /* pokemon-species-1.json in Resources */ = {isa = PBXBuildFile; fileRef = 842762EC2CC38B1A00F11D04 /* pokemon-species-1.json */; };
		842763222CC38B1A00F11D04 /* pokemon-species-25.json in Resources */ = {isa = PBXBuildFile; fileRef = 842763042CC38B1A00F11D04 /* pokemon-species-25.json */; };
		842763232CC38B1A00F11D04 /* pokemon-species-5.json in Resources */ = {isa = PBXBuildFile; fileRef = 842762F02CC38B1A00F11D04 /* pokemon-species-5.json */; };
		842763242CC38B1A00F11D04 /* pokemon-species-16.json in Resources */ = {isa = PBXBuildFile; fileRef = 842762FB2CC38B1A00F11D04 /* pokemon-species-16.json */; };
		842763252CC38B1A00F11D04 /* pokemon-species-12.json in Resources */ = {isa = PBXBuildFile; fileRef = 842762F72CC38B1A00F11D04 /* pokemon-species-12.json */; };
		842763262CC38B1A00F11D04 /* pokemon-species-9.json in Resources */ = {isa = PBXBuildFile; fileRef = 842762F42CC38B1A00F11D04 /* pokemon-species-9.json */; };
		842763272CC38B1A00F11D04 /* pokemon-species-20.json in Resources */ = {isa = PBXBuildFile; fileRef = 842762FF2CC38B1A00F11D04 /* pokemon-species-20.json */; };
		84DAD3622CC38632005994B0 /* Preview Assets.xcassets in Resources */ = {isa = PBXBuildFile; fileRef = 84DAD35B2CC38632005994B0 /* Preview Assets.xcassets */; };
		84DAD3632CC38632005994B0 /* Assets.xcassets in Resources */ = {isa = PBXBuildFile; fileRef = 84DAD35E2CC38632005994B0 /* Assets.xcassets */; };
		84DAD3642CC38632005994B0 /* ContentView.swift in Sources */ = {isa = PBXBuildFile; fileRef = 84DAD35F2CC38632005994B0 /* ContentView.swift */; };
		84DAD3652CC38632005994B0 /* PocketAmigoApp.swift in Sources */ = {isa = PBXBuildFile; fileRef = 84DAD3602CC38632005994B0 /* PocketAmigoApp.swift */; };
		84DAD3682CC38648005994B0 /* PocketAmigoTests.swift in Sources */ = {isa = PBXBuildFile; fileRef = 84DAD3662CC38648005994B0 /* PocketAmigoTests.swift */; };
		84DAD36C2CC3864C005994B0 /* PocketAmigoUITests.swift in Sources */ = {isa = PBXBuildFile; fileRef = 84DAD3692CC3864C005994B0 /* PocketAmigoUITests.swift */; };
		84DAD36D2CC3864C005994B0 /* PocketAmigoUITestsLaunchTests.swift in Sources */ = {isa = PBXBuildFile; fileRef = 84DAD36A2CC3864C005994B0 /* PocketAmigoUITestsLaunchTests.swift */; };
		96353E515CBEA029960BDB72 /* Pods_PocketAmigo_PocketAmigoUITests.framework in Frameworks */ = {isa = PBXBuildFile; fileRef = 544B4F7F398C70042C350F88 /* Pods_PocketAmigo_PocketAmigoUITests.framework */; };
		B8DD4CA24B466DAE644303CF /* Pods_PocketAmigoTests.framework in Frameworks */ = {isa = PBXBuildFile; fileRef = CF2A9ACE5515EA2D18DAB0E5 /* Pods_PocketAmigoTests.framework */; };
		C21DE8A0D5094EA2E3307847 /* Pods_PocketAmigo.framework in Frameworks */ = {isa = PBXBuildFile; fileRef = 00E6A80598956B1BD86FCF8A /* Pods_PocketAmigo.framework */; };
/* End PBXBuildFile section */

/* Begin PBXContainerItemProxy section */
		8470859E2CC359E100F16AB7 /* PBXContainerItemProxy */ = {
			isa = PBXContainerItemProxy;
			containerPortal = 847085852CC359DE00F16AB7 /* Project object */;
			proxyType = 1;
			remoteGlobalIDString = 8470858C2CC359DE00F16AB7;
			remoteInfo = PocketAmigo;
		};
		847085A82CC359E100F16AB7 /* PBXContainerItemProxy */ = {
			isa = PBXContainerItemProxy;
			containerPortal = 847085852CC359DE00F16AB7 /* Project object */;
			proxyType = 1;
			remoteGlobalIDString = 8470858C2CC359DE00F16AB7;
			remoteInfo = PocketAmigo;
		};
/* End PBXContainerItemProxy section */

/* Begin PBXFileReference section */
		001DD7D03C96C978ACE2B9E2 /* Pods-PocketAmigo-PocketAmigoUITests.release.xcconfig */ = {isa = PBXFileReference; includeInIndex = 1; lastKnownFileType = text.xcconfig; name = "Pods-PocketAmigo-PocketAmigoUITests.release.xcconfig"; path = "Target Support Files/Pods-PocketAmigo-PocketAmigoUITests/Pods-PocketAmigo-PocketAmigoUITests.release.xcconfig"; sourceTree = "<group>"; };
		00E6A80598956B1BD86FCF8A /* Pods_PocketAmigo.framework */ = {isa = PBXFileReference; explicitFileType = wrapper.framework; includeInIndex = 0; path = Pods_PocketAmigo.framework; sourceTree = BUILT_PRODUCTS_DIR; };
		2A5B8C4618622669821397FA /* Pods-PocketAmigo.release.xcconfig */ = {isa = PBXFileReference; includeInIndex = 1; lastKnownFileType = text.xcconfig; name = "Pods-PocketAmigo.release.xcconfig"; path = "Target Support Files/Pods-PocketAmigo/Pods-PocketAmigo.release.xcconfig"; sourceTree = "<group>"; };
		544B4F7F398C70042C350F88 /* Pods_PocketAmigo_PocketAmigoUITests.framework */ = {isa = PBXFileReference; explicitFileType = wrapper.framework; includeInIndex = 0; path = Pods_PocketAmigo_PocketAmigoUITests.framework; sourceTree = BUILT_PRODUCTS_DIR; };
		55CDB7411AD08ABB61033D70 /* Pods-PocketAmigoTests.release.xcconfig */ = {isa = PBXFileReference; includeInIndex = 1; lastKnownFileType = text.xcconfig; name = "Pods-PocketAmigoTests.release.xcconfig"; path = "Target Support Files/Pods-PocketAmigoTests/Pods-PocketAmigoTests.release.xcconfig"; sourceTree = "<group>"; };
		6C598D7E3F2215A6E2CF4C06 /* Pods-PocketAmigo-PocketAmigoUITests.debug.xcconfig */ = {isa = PBXFileReference; includeInIndex = 1; lastKnownFileType = text.xcconfig; name = "Pods-PocketAmigo-PocketAmigoUITests.debug.xcconfig"; path = "Target Support Files/Pods-PocketAmigo-PocketAmigoUITests/Pods-PocketAmigo-PocketAmigoUITests.debug.xcconfig"; sourceTree = "<group>"; };
		7EE9837D70D2AAEB4F62709D /* Pods-PocketAmigoTests.debug.xcconfig */ = {isa = PBXFileReference; includeInIndex = 1; lastKnownFileType = text.xcconfig; name = "Pods-PocketAmigoTests.debug.xcconfig"; path = "Target Support Files/Pods-PocketAmigoTests/Pods-PocketAmigoTests.debug.xcconfig"; sourceTree = "<group>"; };
		842762A72CC38A9600F11D04 /* PoketRootView.swift */ = {isa = PBXFileReference; lastKnownFileType = sourcecode.swift; path = PoketRootView.swift; sourceTree = "<group>"; };
		842762AC2CC38B0900F11D04 /* ability-34.json */ = {isa = PBXFileReference; lastKnownFileType = text.json; path = "ability-34.json"; sourceTree = "<group>"; };
		842762AD2CC38B0900F11D04 /* ability-65.json */ = {isa = PBXFileReference; lastKnownFileType = text.json; path = "ability-65.json"; sourceTree = "<group>"; };
		842762B02CC38B1200F11D04 /* pokemon-1.json */ = {isa = PBXFileReference; lastKnownFileType = text.json; path = "pokemon-1.json"; sourceTree = "<group>"; };
		842762B12CC38B1200F11D04 /* pokemon-2.json */ = {isa = PBXFileReference; lastKnownFileType = text.json; path = "pokemon-2.json"; sourceTree = "<group>"; };
		842762B22CC38B1200F11D04 /* pokemon-3.json */ = {isa = PBXFileReference; lastKnownFileType = text.json; path = "pokemon-3.json"; sourceTree = "<group>"; };
		842762B32CC38B1200F11D04 /* pokemon-4.json */ = {isa = PBXFileReference; lastKnownFileType = text.json; path = "pokemon-4.json"; sourceTree = "<group>"; };
		842762B42CC38B1200F11D04 /* pokemon-5.json */ = {isa = PBXFileReference; lastKnownFileType = text.json; path = "pokemon-5.json"; sourceTree = "<group>"; };
		842762B52CC38B1200F11D04 /* pokemon-6.json */ = {isa = PBXFileReference; lastKnownFileType = text.json; path = "pokemon-6.json"; sourceTree = "<group>"; };
		842762B62CC38B1200F11D04 /* pokemon-7.json */ = {isa = PBXFileReference; lastKnownFileType = text.json; path = "pokemon-7.json"; sourceTree = "<group>"; };
		842762B72CC38B1200F11D04 /* pokemon-8.json */ = {isa = PBXFileReference; lastKnownFileType = text.json; path = "pokemon-8.json"; sourceTree = "<group>"; };
		842762B82CC38B1200F11D04 /* pokemon-9.json */ = {isa = PBXFileReference; lastKnownFileType = text.json; path = "pokemon-9.json"; sourceTree = "<group>"; };
		842762B92CC38B1200F11D04 /* pokemon-10.json */ = {isa = PBXFileReference; lastKnownFileType = text.json; path = "pokemon-10.json"; sourceTree = "<group>"; };
		842762BA2CC38B1200F11D04 /* pokemon-11.json */ = {isa = PBXFileReference; lastKnownFileType = text.json; path = "pokemon-11.json"; sourceTree = "<group>"; };
		842762BB2CC38B1200F11D04 /* pokemon-12.json */ = {isa = PBXFileReference; lastKnownFileType = text.json; path = "pokemon-12.json"; sourceTree = "<group>"; };
		842762BC2CC38B1200F11D04 /* pokemon-13.json */ = {isa = PBXFileReference; lastKnownFileType = text.json; path = "pokemon-13.json"; sourceTree = "<group>"; };
		842762BD2CC38B1200F11D04 /* pokemon-14.json */ = {isa = PBXFileReference; lastKnownFileType = text.json; path = "pokemon-14.json"; sourceTree = "<group>"; };
		842762BE2CC38B1200F11D04 /* pokemon-15.json */ = {isa = PBXFileReference; lastKnownFileType = text.json; path = "pokemon-15.json"; sourceTree = "<group>"; };
		842762BF2CC38B1200F11D04 /* pokemon-16.json */ = {isa = PBXFileReference; lastKnownFileType = text.json; path = "pokemon-16.json"; sourceTree = "<group>"; };
		842762C02CC38B1200F11D04 /* pokemon-17.json */ = {isa = PBXFileReference; lastKnownFileType = text.json; path = "pokemon-17.json"; sourceTree = "<group>"; };
		842762C12CC38B1200F11D04 /* pokemon-18.json */ = {isa = PBXFileReference; lastKnownFileType = text.json; path = "pokemon-18.json"; sourceTree = "<group>"; };
		842762C22CC38B1200F11D04 /* pokemon-19.json */ = {isa = PBXFileReference; lastKnownFileType = text.json; path = "pokemon-19.json"; sourceTree = "<group>"; };
		842762C32CC38B1200F11D04 /* pokemon-20.json */ = {isa = PBXFileReference; lastKnownFileType = text.json; path = "pokemon-20.json"; sourceTree = "<group>"; };
		842762C42CC38B1200F11D04 /* pokemon-21.json */ = {isa = PBXFileReference; lastKnownFileType = text.json; path = "pokemon-21.json"; sourceTree = "<group>"; };
		842762C52CC38B1200F11D04 /* pokemon-22.json */ = {isa = PBXFileReference; lastKnownFileType = text.json; path = "pokemon-22.json"; sourceTree = "<group>"; };
		842762C62CC38B1200F11D04 /* pokemon-23.json */ = {isa = PBXFileReference; lastKnownFileType = text.json; path = "pokemon-23.json"; sourceTree = "<group>"; };
		842762C72CC38B1200F11D04 /* pokemon-24.json */ = {isa = PBXFileReference; lastKnownFileType = text.json; path = "pokemon-24.json"; sourceTree = "<group>"; };
		842762C82CC38B1200F11D04 /* pokemon-25.json */ = {isa = PBXFileReference; lastKnownFileType = text.json; path = "pokemon-25.json"; sourceTree = "<group>"; };
		842762C92CC38B1200F11D04 /* pokemon-26.json */ = {isa = PBXFileReference; lastKnownFileType = text.json; path = "pokemon-26.json"; sourceTree = "<group>"; };
		842762CA2CC38B1200F11D04 /* pokemon-27.json */ = {isa = PBXFileReference; lastKnownFileType = text.json; path = "pokemon-27.json"; sourceTree = "<group>"; };
		842762CB2CC38B1200F11D04 /* pokemon-28.json */ = {isa = PBXFileReference; lastKnownFileType = text.json; path = "pokemon-28.json"; sourceTree = "<group>"; };
		842762CC2CC38B1200F11D04 /* pokemon-29.json */ = {isa = PBXFileReference; lastKnownFileType = text.json; path = "pokemon-29.json"; sourceTree = "<group>"; };
		842762CD2CC38B1200F11D04 /* pokemon-30.json */ = {isa = PBXFileReference; lastKnownFileType = text.json; path = "pokemon-30.json"; sourceTree = "<group>"; };
		842762EC2CC38B1A00F11D04 /* pokemon-species-1.json */ = {isa = PBXFileReference; lastKnownFileType = text.json; path = "pokemon-species-1.json"; sourceTree = "<group>"; };
		842762ED2CC38B1A00F11D04 /* pokemon-species-2.json */ = {isa = PBXFileReference; lastKnownFileType = text.json; path = "pokemon-species-2.json"; sourceTree = "<group>"; };
		842762EE2CC38B1A00F11D04 /* pokemon-species-3.json */ = {isa = PBXFileReference; lastKnownFileType = text.json; path = "pokemon-species-3.json"; sourceTree = "<group>"; };
		842762EF2CC38B1A00F11D04 /* pokemon-species-4.json */ = {isa = PBXFileReference; lastKnownFileType = text.json; path = "pokemon-species-4.json"; sourceTree = "<group>"; };
		842762F02CC38B1A00F11D04 /* pokemon-species-5.json */ = {isa = PBXFileReference; lastKnownFileType = text.json; path = "pokemon-species-5.json"; sourceTree = "<group>"; };
		842762F12CC38B1A00F11D04 /* pokemon-species-6.json */ = {isa = PBXFileReference; lastKnownFileType = text.json; path = "pokemon-species-6.json"; sourceTree = "<group>"; };
		842762F22CC38B1A00F11D04 /* pokemon-species-7.json */ = {isa = PBXFileReference; lastKnownFileType = text.json; path = "pokemon-species-7.json"; sourceTree = "<group>"; };
		842762F32CC38B1A00F11D04 /* pokemon-species-8.json */ = {isa = PBXFileReference; lastKnownFileType = text.json; path = "pokemon-species-8.json"; sourceTree = "<group>"; };
		842762F42CC38B1A00F11D04 /* pokemon-species-9.json */ = {isa = PBXFileReference; lastKnownFileType = text.json; path = "pokemon-species-9.json"; sourceTree = "<group>"; };
		842762F52CC38B1A00F11D04 /* pokemon-species-10.json */ = {isa = PBXFileReference; lastKnownFileType = text.json; path = "pokemon-species-10.json"; sourceTree = "<group>"; };
		842762F62CC38B1A00F11D04 /* pokemon-species-11.json */ = {isa = PBXFileReference; lastKnownFileType = text.json; path = "pokemon-species-11.json"; sourceTree = "<group>"; };
		842762F72CC38B1A00F11D04 /* pokemon-species-12.json */ = {isa = PBXFileReference; lastKnownFileType = text.json; path = "pokemon-species-12.json"; sourceTree = "<group>"; };
		842762F82CC38B1A00F11D04 /* pokemon-species-13.json */ = {isa = PBXFileReference; lastKnownFileType = text.json; path = "pokemon-species-13.json"; sourceTree = "<group>"; };
		842762F92CC38B1A00F11D04 /* pokemon-species-14.json */ = {isa = PBXFileReference; lastKnownFileType = text.json; path = "pokemon-species-14.json"; sourceTree = "<group>"; };
		842762FA2CC38B1A00F11D04 /* pokemon-species-15.json */ = {isa = PBXFileReference; lastKnownFileType = text.json; path = "pokemon-species-15.json"; sourceTree = "<group>"; };
		842762FB2CC38B1A00F11D04 /* pokemon-species-16.json */ = {isa = PBXFileReference; lastKnownFileType = text.json; path = "pokemon-species-16.json"; sourceTree = "<group>"; };
		842762FC2CC38B1A00F11D04 /* pokemon-species-17.json */ = {isa = PBXFileReference; lastKnownFileType = text.json; path = "pokemon-species-17.json"; sourceTree = "<group>"; };
		842762FD2CC38B1A00F11D04 /* pokemon-species-18.json */ = {isa = PBXFileReference; lastKnownFileType = text.json; path = "pokemon-species-18.json"; sourceTree = "<group>"; };
		842762FE2CC38B1A00F11D04 /* pokemon-species-19.json */ = {isa = PBXFileReference; lastKnownFileType = text.json; path = "pokemon-species-19.json"; sourceTree = "<group>"; };
		842762FF2CC38B1A00F11D04 /* pokemon-species-20.json */ = {isa = PBXFileReference; lastKnownFileType = text.json; path = "pokemon-species-20.json"; sourceTree = "<group>"; };
		842763002CC38B1A00F11D04 /* pokemon-species-21.json */ = {isa = PBXFileReference; lastKnownFileType = text.json; path = "pokemon-species-21.json"; sourceTree = "<group>"; };
		842763012CC38B1A00F11D04 /* pokemon-species-22.json */ = {isa = PBXFileReference; lastKnownFileType = text.json; path = "pokemon-species-22.json"; sourceTree = "<group>"; };
		842763022CC38B1A00F11D04 /* pokemon-species-23.json */ = {isa = PBXFileReference; lastKnownFileType = text.json; path = "pokemon-species-23.json"; sourceTree = "<group>"; };
		842763032CC38B1A00F11D04 /* pokemon-species-24.json */ = {isa = PBXFileReference; lastKnownFileType = text.json; path = "pokemon-species-24.json"; sourceTree = "<group>"; };
		842763042CC38B1A00F11D04 /* pokemon-species-25.json */ = {isa = PBXFileReference; lastKnownFileType = text.json; path = "pokemon-species-25.json"; sourceTree = "<group>"; };
		842763052CC38B1A00F11D04 /* pokemon-species-26.json */ = {isa = PBXFileReference; lastKnownFileType = text.json; path = "pokemon-species-26.json"; sourceTree = "<group>"; };
		842763062CC38B1A00F11D04 /* pokemon-species-27.json */ = {isa = PBXFileReference; lastKnownFileType = text.json; path = "pokemon-species-27.json"; sourceTree = "<group>"; };
		842763072CC38B1A00F11D04 /* pokemon-species-28.json */ = {isa = PBXFileReference; lastKnownFileType = text.json; path = "pokemon-species-28.json"; sourceTree = "<group>"; };
		842763082CC38B1A00F11D04 /* pokemon-species-29.json */ = {isa = PBXFileReference; lastKnownFileType = text.json; path = "pokemon-species-29.json"; sourceTree = "<group>"; };
		842763092CC38B1A00F11D04 /* pokemon-species-30.json */ = {isa = PBXFileReference; lastKnownFileType = text.json; path = "pokemon-species-30.json"; sourceTree = "<group>"; };
		8470858D2CC359DE00F16AB7 /* PocketAmigo.app */ = {isa = PBXFileReference; explicitFileType = wrapper.application; includeInIndex = 0; path = PocketAmigo.app; sourceTree = BUILT_PRODUCTS_DIR; };
		8470859D2CC359E100F16AB7 /* PocketAmigoTests.xctest */ = {isa = PBXFileReference; explicitFileType = wrapper.cfbundle; includeInIndex = 0; path = PocketAmigoTests.xctest; sourceTree = BUILT_PRODUCTS_DIR; };
		847085A72CC359E100F16AB7 /* PocketAmigoUITests.xctest */ = {isa = PBXFileReference; explicitFileType = wrapper.cfbundle; includeInIndex = 0; path = PocketAmigoUITests.xctest; sourceTree = BUILT_PRODUCTS_DIR; };
		84DAD35B2CC38632005994B0 /* Preview Assets.xcassets */ = {isa = PBXFileReference; lastKnownFileType = folder.assetcatalog; path = "Preview Assets.xcassets"; sourceTree = "<group>"; };
		84DAD35E2CC38632005994B0 /* Assets.xcassets */ = {isa = PBXFileReference; lastKnownFileType = folder.assetcatalog; path = Assets.xcassets; sourceTree = "<group>"; };
		84DAD35F2CC38632005994B0 /* ContentView.swift */ = {isa = PBXFileReference; lastKnownFileType = sourcecode.swift; path = ContentView.swift; sourceTree = "<group>"; };
		84DAD3602CC38632005994B0 /* PocketAmigoApp.swift */ = {isa = PBXFileReference; lastKnownFileType = sourcecode.swift; path = PocketAmigoApp.swift; sourceTree = "<group>"; };
		84DAD3662CC38648005994B0 /* PocketAmigoTests.swift */ = {isa = PBXFileReference; lastKnownFileType = sourcecode.swift; path = PocketAmigoTests.swift; sourceTree = "<group>"; };
		84DAD3692CC3864C005994B0 /* PocketAmigoUITests.swift */ = {isa = PBXFileReference; lastKnownFileType = sourcecode.swift; path = PocketAmigoUITests.swift; sourceTree = "<group>"; };
		84DAD36A2CC3864C005994B0 /* PocketAmigoUITestsLaunchTests.swift */ = {isa = PBXFileReference; lastKnownFileType = sourcecode.swift; path = PocketAmigoUITestsLaunchTests.swift; sourceTree = "<group>"; };
		9377608DF64EB843BEDA57EF /* Pods-PocketAmigo.debug.xcconfig */ = {isa = PBXFileReference; includeInIndex = 1; lastKnownFileType = text.xcconfig; name = "Pods-PocketAmigo.debug.xcconfig"; path = "Target Support Files/Pods-PocketAmigo/Pods-PocketAmigo.debug.xcconfig"; sourceTree = "<group>"; };
		CF2A9ACE5515EA2D18DAB0E5 /* Pods_PocketAmigoTests.framework */ = {isa = PBXFileReference; explicitFileType = wrapper.framework; includeInIndex = 0; path = Pods_PocketAmigoTests.framework; sourceTree = BUILT_PRODUCTS_DIR; };
/* End PBXFileReference section */

/* Begin PBXFrameworksBuildPhase section */
		8470858A2CC359DE00F16AB7 /* Frameworks */ = {
			isa = PBXFrameworksBuildPhase;
			buildActionMask = 2147483647;
			files = (
				C21DE8A0D5094EA2E3307847 /* Pods_PocketAmigo.framework in Frameworks */,
			);
			runOnlyForDeploymentPostprocessing = 0;
		};
		8470859A2CC359E100F16AB7 /* Frameworks */ = {
			isa = PBXFrameworksBuildPhase;
			buildActionMask = 2147483647;
			files = (
				B8DD4CA24B466DAE644303CF /* Pods_PocketAmigoTests.framework in Frameworks */,
			);
			runOnlyForDeploymentPostprocessing = 0;
		};
		847085A42CC359E100F16AB7 /* Frameworks */ = {
			isa = PBXFrameworksBuildPhase;
			buildActionMask = 2147483647;
			files = (
				96353E515CBEA029960BDB72 /* Pods_PocketAmigo_PocketAmigoUITests.framework in Frameworks */,
			);
			runOnlyForDeploymentPostprocessing = 0;
		};
/* End PBXFrameworksBuildPhase section */

/* Begin PBXGroup section */
		842762A22CC388E600F11D04 /* Model */ = {
			isa = PBXGroup;
			children = (
			);
			path = Model;
			sourceTree = "<group>";
		};
		842762A32CC3892700F11D04 /* View */ = {
			isa = PBXGroup;
			children = (
				842762A62CC38A7800F11D04 /* List */,
			);
			path = View;
			sourceTree = "<group>";
		};
		842762A42CC3892D00F11D04 /* JSON */ = {
			isa = PBXGroup;
			children = (
				842762AB2CC38AFA00F11D04 /* species */,
				842762AA2CC38AEF00F11D04 /* pokemon */,
				842762A92CC38AE500F11D04 /* abilities */,
			);
			path = JSON;
			sourceTree = "<group>";
		};
		842762A52CC3893400F11D04 /* Utils */ = {
			isa = PBXGroup;
			children = (
			);
			path = Utils;
			sourceTree = "<group>";
		};
		842762A62CC38A7800F11D04 /* List */ = {
			isa = PBXGroup;
			children = (
				842762A72CC38A9600F11D04 /* PoketRootView.swift */,
			);
			path = List;
			sourceTree = "<group>";
		};
		842762A92CC38AE500F11D04 /* abilities */ = {
			isa = PBXGroup;
			children = (
				842762AC2CC38B0900F11D04 /* ability-34.json */,
				842762AD2CC38B0900F11D04 /* ability-65.json */,
			);
			path = abilities;
			sourceTree = "<group>";
		};
		842762AA2CC38AEF00F11D04 /* pokemon */ = {
			isa = PBXGroup;
			children = (
				842762B02CC38B1200F11D04 /* pokemon-1.json */,
				842762B12CC38B1200F11D04 /* pokemon-2.json */,
				842762B22CC38B1200F11D04 /* pokemon-3.json */,
				842762B32CC38B1200F11D04 /* pokemon-4.json */,
				842762B42CC38B1200F11D04 /* pokemon-5.json */,
				842762B52CC38B1200F11D04 /* pokemon-6.json */,
				842762B62CC38B1200F11D04 /* pokemon-7.json */,
				842762B72CC38B1200F11D04 /* pokemon-8.json */,
				842762B82CC38B1200F11D04 /* pokemon-9.json */,
				842762B92CC38B1200F11D04 /* pokemon-10.json */,
				842762BA2CC38B1200F11D04 /* pokemon-11.json */,
				842762BB2CC38B1200F11D04 /* pokemon-12.json */,
				842762BC2CC38B1200F11D04 /* pokemon-13.json */,
				842762BD2CC38B1200F11D04 /* pokemon-14.json */,
				842762BE2CC38B1200F11D04 /* pokemon-15.json */,
				842762BF2CC38B1200F11D04 /* pokemon-16.json */,
				842762C02CC38B1200F11D04 /* pokemon-17.json */,
				842762C12CC38B1200F11D04 /* pokemon-18.json */,
				842762C22CC38B1200F11D04 /* pokemon-19.json */,
				842762C32CC38B1200F11D04 /* pokemon-20.json */,
				842762C42CC38B1200F11D04 /* pokemon-21.json */,
				842762C52CC38B1200F11D04 /* pokemon-22.json */,
				842762C62CC38B1200F11D04 /* pokemon-23.json */,
				842762C72CC38B1200F11D04 /* pokemon-24.json */,
				842762C82CC38B1200F11D04 /* pokemon-25.json */,
				842762C92CC38B1200F11D04 /* pokemon-26.json */,
				842762CA2CC38B1200F11D04 /* pokemon-27.json */,
				842762CB2CC38B1200F11D04 /* pokemon-28.json */,
				842762CC2CC38B1200F11D04 /* pokemon-29.json */,
				842762CD2CC38B1200F11D04 /* pokemon-30.json */,
			);
			path = pokemon;
			sourceTree = "<group>";
		};
		842762AB2CC38AFA00F11D04 /* species */ = {
			isa = PBXGroup;
			children = (
				842762EC2CC38B1A00F11D04 /* pokemon-species-1.json */,
				842762ED2CC38B1A00F11D04 /* pokemon-species-2.json */,
				842762EE2CC38B1A00F11D04 /* pokemon-species-3.json */,
				842762EF2CC38B1A00F11D04 /* pokemon-species-4.json */,
				842762F02CC38B1A00F11D04 /* pokemon-species-5.json */,
				842762F12CC38B1A00F11D04 /* pokemon-species-6.json */,
				842762F22CC38B1A00F11D04 /* pokemon-species-7.json */,
				842762F32CC38B1A00F11D04 /* pokemon-species-8.json */,
				842762F42CC38B1A00F11D04 /* pokemon-species-9.json */,
				842762F52CC38B1A00F11D04 /* pokemon-species-10.json */,
				842762F62CC38B1A00F11D04 /* pokemon-species-11.json */,
				842762F72CC38B1A00F11D04 /* pokemon-species-12.json */,
				842762F82CC38B1A00F11D04 /* pokemon-species-13.json */,
				842762F92CC38B1A00F11D04 /* pokemon-species-14.json */,
				842762FA2CC38B1A00F11D04 /* pokemon-species-15.json */,
				842762FB2CC38B1A00F11D04 /* pokemon-species-16.json */,
				842762FC2CC38B1A00F11D04 /* pokemon-species-17.json */,
				842762FD2CC38B1A00F11D04 /* pokemon-species-18.json */,
				842762FE2CC38B1A00F11D04 /* pokemon-species-19.json */,
				842762FF2CC38B1A00F11D04 /* pokemon-species-20.json */,
				842763002CC38B1A00F11D04 /* pokemon-species-21.json */,
				842763012CC38B1A00F11D04 /* pokemon-species-22.json */,
				842763022CC38B1A00F11D04 /* pokemon-species-23.json */,
				842763032CC38B1A00F11D04 /* pokemon-species-24.json */,
				842763042CC38B1A00F11D04 /* pokemon-species-25.json */,
				842763052CC38B1A00F11D04 /* pokemon-species-26.json */,
				842763062CC38B1A00F11D04 /* pokemon-species-27.json */,
				842763072CC38B1A00F11D04 /* pokemon-species-28.json */,
				842763082CC38B1A00F11D04 /* pokemon-species-29.json */,
				842763092CC38B1A00F11D04 /* pokemon-species-30.json */,
			);
			path = species;
			sourceTree = "<group>";
		};
		847085842CC359DE00F16AB7 = {
			isa = PBXGroup;
			children = (
				842762A52CC3893400F11D04 /* Utils */,
				842762A42CC3892D00F11D04 /* JSON */,
				842762A32CC3892700F11D04 /* View */,
				842762A22CC388E600F11D04 /* Model */,
				84DAD3612CC38632005994B0 /* PocketAmigo */,
				84DAD3672CC38648005994B0 /* PocketAmigoTests */,
				84DAD36B2CC3864C005994B0 /* PocketAmigoUITests */,
				8470858E2CC359DE00F16AB7 /* Products */,
				AACBC53ECD7BC255DDD59068 /* Pods */,
				F290992BD744BC31AEAFC131 /* Frameworks */,
			);
			sourceTree = "<group>";
		};
		8470858E2CC359DE00F16AB7 /* Products */ = {
			isa = PBXGroup;
			children = (
				8470858D2CC359DE00F16AB7 /* PocketAmigo.app */,
				8470859D2CC359E100F16AB7 /* PocketAmigoTests.xctest */,
				847085A72CC359E100F16AB7 /* PocketAmigoUITests.xctest */,
			);
			name = Products;
			sourceTree = "<group>";
		};
		84DAD35C2CC38632005994B0 /* Preview Content */ = {
			isa = PBXGroup;
			children = (
				84DAD35B2CC38632005994B0 /* Preview Assets.xcassets */,
			);
			path = "Preview Content";
			sourceTree = "<group>";
		};
		84DAD3612CC38632005994B0 /* PocketAmigo */ = {
			isa = PBXGroup;
			children = (
				84DAD35C2CC38632005994B0 /* Preview Content */,
				84DAD35E2CC38632005994B0 /* Assets.xcassets */,
				84DAD35F2CC38632005994B0 /* ContentView.swift */,
				84DAD3602CC38632005994B0 /* PocketAmigoApp.swift */,
			);
			path = PocketAmigo;
			sourceTree = "<group>";
		};
		84DAD3672CC38648005994B0 /* PocketAmigoTests */ = {
			isa = PBXGroup;
			children = (
				84DAD3662CC38648005994B0 /* PocketAmigoTests.swift */,
			);
			path = PocketAmigoTests;
			sourceTree = "<group>";
		};
		84DAD36B2CC3864C005994B0 /* PocketAmigoUITests */ = {
			isa = PBXGroup;
			children = (
				84DAD3692CC3864C005994B0 /* PocketAmigoUITests.swift */,
				84DAD36A2CC3864C005994B0 /* PocketAmigoUITestsLaunchTests.swift */,
			);
			path = PocketAmigoUITests;
			sourceTree = "<group>";
		};
		AACBC53ECD7BC255DDD59068 /* Pods */ = {
			isa = PBXGroup;
			children = (
				9377608DF64EB843BEDA57EF /* Pods-PocketAmigo.debug.xcconfig */,
				2A5B8C4618622669821397FA /* Pods-PocketAmigo.release.xcconfig */,
				6C598D7E3F2215A6E2CF4C06 /* Pods-PocketAmigo-PocketAmigoUITests.debug.xcconfig */,
				001DD7D03C96C978ACE2B9E2 /* Pods-PocketAmigo-PocketAmigoUITests.release.xcconfig */,
				7EE9837D70D2AAEB4F62709D /* Pods-PocketAmigoTests.debug.xcconfig */,
				55CDB7411AD08ABB61033D70 /* Pods-PocketAmigoTests.release.xcconfig */,
			);
			path = Pods;
			sourceTree = "<group>";
		};
		F290992BD744BC31AEAFC131 /* Frameworks */ = {
			isa = PBXGroup;
			children = (
				00E6A80598956B1BD86FCF8A /* Pods_PocketAmigo.framework */,
				544B4F7F398C70042C350F88 /* Pods_PocketAmigo_PocketAmigoUITests.framework */,
				CF2A9ACE5515EA2D18DAB0E5 /* Pods_PocketAmigoTests.framework */,
			);
			name = Frameworks;
			sourceTree = "<group>";
		};
/* End PBXGroup section */

/* Begin PBXNativeTarget section */
		8470858C2CC359DE00F16AB7 /* PocketAmigo */ = {
			isa = PBXNativeTarget;
			buildConfigurationList = 847085B12CC359E100F16AB7 /* Build configuration list for PBXNativeTarget "PocketAmigo" */;
			buildPhases = (
				09A7D6432C43E5141688E284 /* [CP] Check Pods Manifest.lock */,
				847085892CC359DE00F16AB7 /* Sources */,
				8470858A2CC359DE00F16AB7 /* Frameworks */,
				8470858B2CC359DE00F16AB7 /* Resources */,
				9C405CB58E82B1CA6A4E2C93 /* [CP] Embed Pods Frameworks */,
			);
			buildRules = (
			);
			dependencies = (
			);
			name = PocketAmigo;
			productName = PocketAmigo;
			productReference = 8470858D2CC359DE00F16AB7 /* PocketAmigo.app */;
			productType = "com.apple.product-type.application";
		};
		8470859C2CC359E100F16AB7 /* PocketAmigoTests */ = {
			isa = PBXNativeTarget;
			buildConfigurationList = 847085B42CC359E100F16AB7 /* Build configuration list for PBXNativeTarget "PocketAmigoTests" */;
			buildPhases = (
				05C95BF88059C5466FA97F99 /* [CP] Check Pods Manifest.lock */,
				847085992CC359E100F16AB7 /* Sources */,
				8470859A2CC359E100F16AB7 /* Frameworks */,
				8470859B2CC359E100F16AB7 /* Resources */,
			);
			buildRules = (
			);
			dependencies = (
				8470859F2CC359E100F16AB7 /* PBXTargetDependency */,
			);
			name = PocketAmigoTests;
			productName = PocketAmigoTests;
			productReference = 8470859D2CC359E100F16AB7 /* PocketAmigoTests.xctest */;
			productType = "com.apple.product-type.bundle.unit-test";
		};
		847085A62CC359E100F16AB7 /* PocketAmigoUITests */ = {
			isa = PBXNativeTarget;
			buildConfigurationList = 847085B72CC359E100F16AB7 /* Build configuration list for PBXNativeTarget "PocketAmigoUITests" */;
			buildPhases = (
				6FC2AF442D33B4AC2312A040 /* [CP] Check Pods Manifest.lock */,
				847085A32CC359E100F16AB7 /* Sources */,
				847085A42CC359E100F16AB7 /* Frameworks */,
				847085A52CC359E100F16AB7 /* Resources */,
				6299ECC0DFD388BA7CF296B5 /* [CP] Embed Pods Frameworks */,
			);
			buildRules = (
			);
			dependencies = (
				847085A92CC359E100F16AB7 /* PBXTargetDependency */,
			);
			name = PocketAmigoUITests;
			productName = PocketAmigoUITests;
			productReference = 847085A72CC359E100F16AB7 /* PocketAmigoUITests.xctest */;
			productType = "com.apple.product-type.bundle.ui-testing";
		};
/* End PBXNativeTarget section */

/* Begin PBXProject section */
		847085852CC359DE00F16AB7 /* Project object */ = {
			isa = PBXProject;
			attributes = {
				BuildIndependentTargetsInParallel = 1;
				LastSwiftUpdateCheck = 1600;
				LastUpgradeCheck = 1600;
				TargetAttributes = {
					8470858C2CC359DE00F16AB7 = {
						CreatedOnToolsVersion = 16.0;
					};
					8470859C2CC359E100F16AB7 = {
						CreatedOnToolsVersion = 16.0;
						TestTargetID = 8470858C2CC359DE00F16AB7;
					};
					847085A62CC359E100F16AB7 = {
						CreatedOnToolsVersion = 16.0;
						TestTargetID = 8470858C2CC359DE00F16AB7;
					};
				};
			};
			buildConfigurationList = 847085882CC359DE00F16AB7 /* Build configuration list for PBXProject "PocketAmigo" */;
			compatibilityVersion = "Xcode 14.0";
			developmentRegion = en;
			hasScannedForEncodings = 0;
			knownRegions = (
				en,
				Base,
			);
			mainGroup = 847085842CC359DE00F16AB7;
			productRefGroup = 8470858E2CC359DE00F16AB7 /* Products */;
			projectDirPath = "";
			projectRoot = "";
			targets = (
				8470858C2CC359DE00F16AB7 /* PocketAmigo */,
				8470859C2CC359E100F16AB7 /* PocketAmigoTests */,
				847085A62CC359E100F16AB7 /* PocketAmigoUITests */,
			);
		};
/* End PBXProject section */

/* Begin PBXResourcesBuildPhase section */
		8470858B2CC359DE00F16AB7 /* Resources */ = {
			isa = PBXResourcesBuildPhase;
			buildActionMask = 2147483647;
			files = (
				8427630A2CC38B1A00F11D04 /* pokemon-species-28.json in Resources */,
				8427630B2CC38B1A00F11D04 /* pokemon-species-27.json in Resources */,
				8427630C2CC38B1A00F11D04 /* pokemon-species-11.json in Resources */,
				8427630D2CC38B1A00F11D04 /* pokemon-species-3.json in Resources */,
				8427630E2CC38B1A00F11D04 /* pokemon-species-14.json in Resources */,
				8427630F2CC38B1A00F11D04 /* pokemon-species-15.json in Resources */,
				842763102CC38B1A00F11D04 /* pokemon-species-30.json in Resources */,
				842763112CC38B1A00F11D04 /* pokemon-species-23.json in Resources */,
				842763122CC38B1A00F11D04 /* pokemon-species-29.json in Resources */,
				842763132CC38B1A00F11D04 /* pokemon-species-26.json in Resources */,
				842763142CC38B1A00F11D04 /* pokemon-species-7.json in Resources */,
				842763152CC38B1A00F11D04 /* pokemon-species-18.json in Resources */,
				842763162CC38B1A00F11D04 /* pokemon-species-22.json in Resources */,
				842763172CC38B1A00F11D04 /* pokemon-species-10.json in Resources */,
				842763182CC38B1A00F11D04 /* pokemon-species-13.json in Resources */,
				842763192CC38B1A00F11D04 /* pokemon-species-2.json in Resources */,
				8427631A2CC38B1A00F11D04 /* pokemon-species-6.json in Resources */,
				8427631B2CC38B1A00F11D04 /* pokemon-species-17.json in Resources */,
				8427631C2CC38B1A00F11D04 /* pokemon-species-21.json in Resources */,
				8427631D2CC38B1A00F11D04 /* pokemon-species-8.json in Resources */,
				8427631E2CC38B1A00F11D04 /* pokemon-species-19.json in Resources */,
				8427631F2CC38B1A00F11D04 /* pokemon-species-4.json in Resources */,
				842763202CC38B1A00F11D04 /* pokemon-species-24.json in Resources */,
				842763212CC38B1A00F11D04 /* pokemon-species-1.json in Resources */,
				842763222CC38B1A00F11D04 /* pokemon-species-25.json in Resources */,
				842763232CC38B1A00F11D04 /* pokemon-species-5.json in Resources */,
				842763242CC38B1A00F11D04 /* pokemon-species-16.json in Resources */,
				842763252CC38B1A00F11D04 /* pokemon-species-12.json in Resources */,
				842763262CC38B1A00F11D04 /* pokemon-species-9.json in Resources */,
				842763272CC38B1A00F11D04 /* pokemon-species-20.json in Resources */,
				842762AE2CC38B0900F11D04 /* ability-34.json in Resources */,
				842762CE2CC38B1200F11D04 /* pokemon-7.json in Resources */,
				842762CF2CC38B1200F11D04 /* pokemon-12.json in Resources */,
				842762D02CC38B1200F11D04 /* pokemon-9.json in Resources */,
				842762D12CC38B1200F11D04 /* pokemon-10.json in Resources */,
				842762D22CC38B1200F11D04 /* pokemon-19.json in Resources */,
				842762D32CC38B1200F11D04 /* pokemon-22.json in Resources */,
				842762D42CC38B1200F11D04 /* pokemon-5.json in Resources */,
				842762D52CC38B1200F11D04 /* pokemon-25.json in Resources */,
				842762D62CC38B1200F11D04 /* pokemon-2.json in Resources */,
				842762D72CC38B1200F11D04 /* pokemon-6.json in Resources */,
				842762D82CC38B1200F11D04 /* pokemon-8.json in Resources */,
				842762D92CC38B1200F11D04 /* pokemon-3.json in Resources */,
				842762DA2CC38B1200F11D04 /* pokemon-24.json in Resources */,
				842762DB2CC38B1200F11D04 /* pokemon-23.json in Resources */,
				842762DC2CC38B1200F11D04 /* pokemon-11.json in Resources */,
				842762DD2CC38B1200F11D04 /* pokemon-30.json in Resources */,
				842762DE2CC38B1200F11D04 /* pokemon-17.json in Resources */,
				842762DF2CC38B1200F11D04 /* pokemon-15.json in Resources */,
				842762E02CC38B1200F11D04 /* pokemon-26.json in Resources */,
				842762E12CC38B1200F11D04 /* pokemon-29.json in Resources */,
				842762E22CC38B1200F11D04 /* pokemon-16.json in Resources */,
				842762E32CC38B1200F11D04 /* pokemon-1.json in Resources */,
				842762E42CC38B1200F11D04 /* pokemon-18.json in Resources */,
				842762E52CC38B1200F11D04 /* pokemon-14.json in Resources */,
				842762E62CC38B1200F11D04 /* pokemon-20.json in Resources */,
				842762E72CC38B1200F11D04 /* pokemon-21.json in Resources */,
				842762E82CC38B1200F11D04 /* pokemon-27.json in Resources */,
				842762E92CC38B1200F11D04 /* pokemon-13.json in Resources */,
				842762EA2CC38B1200F11D04 /* pokemon-4.json in Resources */,
				842762EB2CC38B1200F11D04 /* pokemon-28.json in Resources */,
				842762AF2CC38B0900F11D04 /* ability-65.json in Resources */,
				84DAD3622CC38632005994B0 /* Preview Assets.xcassets in Resources */,
				84DAD3632CC38632005994B0 /* Assets.xcassets in Resources */,
			);
			runOnlyForDeploymentPostprocessing = 0;
		};
		8470859B2CC359E100F16AB7 /* Resources */ = {
			isa = PBXResourcesBuildPhase;
			buildActionMask = 2147483647;
			files = (
			);
			runOnlyForDeploymentPostprocessing = 0;
		};
		847085A52CC359E100F16AB7 /* Resources */ = {
			isa = PBXResourcesBuildPhase;
			buildActionMask = 2147483647;
			files = (
			);
			runOnlyForDeploymentPostprocessing = 0;
		};
/* End PBXResourcesBuildPhase section */

/* Begin PBXShellScriptBuildPhase section */
		05C95BF88059C5466FA97F99 /* [CP] Check Pods Manifest.lock */ = {
			isa = PBXShellScriptBuildPhase;
			buildActionMask = 2147483647;
			files = (
			);
			inputFileListPaths = (
			);
			inputPaths = (
				"${PODS_PODFILE_DIR_PATH}/Podfile.lock",
				"${PODS_ROOT}/Manifest.lock",
			);
			name = "[CP] Check Pods Manifest.lock";
			outputFileListPaths = (
			);
			outputPaths = (
				"$(DERIVED_FILE_DIR)/Pods-PocketAmigoTests-checkManifestLockResult.txt",
			);
			runOnlyForDeploymentPostprocessing = 0;
			shellPath = /bin/sh;
			shellScript = "diff \"${PODS_PODFILE_DIR_PATH}/Podfile.lock\" \"${PODS_ROOT}/Manifest.lock\" > /dev/null\nif [ $? != 0 ] ; then\n    # print error to STDERR\n    echo \"error: The sandbox is not in sync with the Podfile.lock. Run 'pod install' or update your CocoaPods installation.\" >&2\n    exit 1\nfi\n# This output is used by Xcode 'outputs' to avoid re-running this script phase.\necho \"SUCCESS\" > \"${SCRIPT_OUTPUT_FILE_0}\"\n";
			showEnvVarsInLog = 0;
		};
		09A7D6432C43E5141688E284 /* [CP] Check Pods Manifest.lock */ = {
			isa = PBXShellScriptBuildPhase;
			buildActionMask = 2147483647;
			files = (
			);
			inputFileListPaths = (
			);
			inputPaths = (
				"${PODS_PODFILE_DIR_PATH}/Podfile.lock",
				"${PODS_ROOT}/Manifest.lock",
			);
			name = "[CP] Check Pods Manifest.lock";
			outputFileListPaths = (
			);
			outputPaths = (
				"$(DERIVED_FILE_DIR)/Pods-PocketAmigo-checkManifestLockResult.txt",
			);
			runOnlyForDeploymentPostprocessing = 0;
			shellPath = /bin/sh;
			shellScript = "diff \"${PODS_PODFILE_DIR_PATH}/Podfile.lock\" \"${PODS_ROOT}/Manifest.lock\" > /dev/null\nif [ $? != 0 ] ; then\n    # print error to STDERR\n    echo \"error: The sandbox is not in sync with the Podfile.lock. Run 'pod install' or update your CocoaPods installation.\" >&2\n    exit 1\nfi\n# This output is used by Xcode 'outputs' to avoid re-running this script phase.\necho \"SUCCESS\" > \"${SCRIPT_OUTPUT_FILE_0}\"\n";
			showEnvVarsInLog = 0;
		};
		6299ECC0DFD388BA7CF296B5 /* [CP] Embed Pods Frameworks */ = {
			isa = PBXShellScriptBuildPhase;
			buildActionMask = 2147483647;
			files = (
			);
			inputFileListPaths = (
				"${PODS_ROOT}/Target Support Files/Pods-PocketAmigo-PocketAmigoUITests/Pods-PocketAmigo-PocketAmigoUITests-frameworks-${CONFIGURATION}-input-files.xcfilelist",
			);
			name = "[CP] Embed Pods Frameworks";
			outputFileListPaths = (
				"${PODS_ROOT}/Target Support Files/Pods-PocketAmigo-PocketAmigoUITests/Pods-PocketAmigo-PocketAmigoUITests-frameworks-${CONFIGURATION}-output-files.xcfilelist",
			);
			runOnlyForDeploymentPostprocessing = 0;
			shellPath = /bin/sh;
			shellScript = "\"${PODS_ROOT}/Target Support Files/Pods-PocketAmigo-PocketAmigoUITests/Pods-PocketAmigo-PocketAmigoUITests-frameworks.sh\"\n";
			showEnvVarsInLog = 0;
		};
		6FC2AF442D33B4AC2312A040 /* [CP] Check Pods Manifest.lock */ = {
			isa = PBXShellScriptBuildPhase;
			buildActionMask = 2147483647;
			files = (
			);
			inputFileListPaths = (
			);
			inputPaths = (
				"${PODS_PODFILE_DIR_PATH}/Podfile.lock",
				"${PODS_ROOT}/Manifest.lock",
			);
			name = "[CP] Check Pods Manifest.lock";
			outputFileListPaths = (
			);
			outputPaths = (
				"$(DERIVED_FILE_DIR)/Pods-PocketAmigo-PocketAmigoUITests-checkManifestLockResult.txt",
			);
			runOnlyForDeploymentPostprocessing = 0;
			shellPath = /bin/sh;
			shellScript = "diff \"${PODS_PODFILE_DIR_PATH}/Podfile.lock\" \"${PODS_ROOT}/Manifest.lock\" > /dev/null\nif [ $? != 0 ] ; then\n    # print error to STDERR\n    echo \"error: The sandbox is not in sync with the Podfile.lock. Run 'pod install' or update your CocoaPods installation.\" >&2\n    exit 1\nfi\n# This output is used by Xcode 'outputs' to avoid re-running this script phase.\necho \"SUCCESS\" > \"${SCRIPT_OUTPUT_FILE_0}\"\n";
			showEnvVarsInLog = 0;
		};
		9C405CB58E82B1CA6A4E2C93 /* [CP] Embed Pods Frameworks */ = {
			isa = PBXShellScriptBuildPhase;
			buildActionMask = 2147483647;
			files = (
			);
			inputFileListPaths = (
				"${PODS_ROOT}/Target Support Files/Pods-PocketAmigo/Pods-PocketAmigo-frameworks-${CONFIGURATION}-input-files.xcfilelist",
			);
			name = "[CP] Embed Pods Frameworks";
			outputFileListPaths = (
				"${PODS_ROOT}/Target Support Files/Pods-PocketAmigo/Pods-PocketAmigo-frameworks-${CONFIGURATION}-output-files.xcfilelist",
			);
			runOnlyForDeploymentPostprocessing = 0;
			shellPath = /bin/sh;
			shellScript = "\"${PODS_ROOT}/Target Support Files/Pods-PocketAmigo/Pods-PocketAmigo-frameworks.sh\"\n";
			showEnvVarsInLog = 0;
		};
/* End PBXShellScriptBuildPhase section */

/* Begin PBXSourcesBuildPhase section */
		847085892CC359DE00F16AB7 /* Sources */ = {
			isa = PBXSourcesBuildPhase;
			buildActionMask = 2147483647;
			files = (
				842762A82CC38A9600F11D04 /* PoketRootView.swift in Sources */,
				84DAD3642CC38632005994B0 /* ContentView.swift in Sources */,
				84DAD3652CC38632005994B0 /* PocketAmigoApp.swift in Sources */,
			);
			runOnlyForDeploymentPostprocessing = 0;
		};
		847085992CC359E100F16AB7 /* Sources */ = {
			isa = PBXSourcesBuildPhase;
			buildActionMask = 2147483647;
			files = (
				84DAD3682CC38648005994B0 /* PocketAmigoTests.swift in Sources */,
			);
			runOnlyForDeploymentPostprocessing = 0;
		};
		847085A32CC359E100F16AB7 /* Sources */ = {
			isa = PBXSourcesBuildPhase;
			buildActionMask = 2147483647;
			files = (
				84DAD36C2CC3864C005994B0 /* PocketAmigoUITests.swift in Sources */,
				84DAD36D2CC3864C005994B0 /* PocketAmigoUITestsLaunchTests.swift in Sources */,
			);
			runOnlyForDeploymentPostprocessing = 0;
		};
/* End PBXSourcesBuildPhase section */

/* Begin PBXTargetDependency section */
		8470859F2CC359E100F16AB7 /* PBXTargetDependency */ = {
			isa = PBXTargetDependency;
			target = 8470858C2CC359DE00F16AB7 /* PocketAmigo */;
			targetProxy = 8470859E2CC359E100F16AB7 /* PBXContainerItemProxy */;
		};
		847085A92CC359E100F16AB7 /* PBXTargetDependency */ = {
			isa = PBXTargetDependency;
			target = 8470858C2CC359DE00F16AB7 /* PocketAmigo */;
			targetProxy = 847085A82CC359E100F16AB7 /* PBXContainerItemProxy */;
		};
/* End PBXTargetDependency section */

/* Begin XCBuildConfiguration section */
		847085AF2CC359E100F16AB7 /* Debug */ = {
			isa = XCBuildConfiguration;
			buildSettings = {
				ALWAYS_SEARCH_USER_PATHS = NO;
				ASSETCATALOG_COMPILER_GENERATE_SWIFT_ASSET_SYMBOL_EXTENSIONS = YES;
				CLANG_ANALYZER_NONNULL = YES;
				CLANG_ANALYZER_NUMBER_OBJECT_CONVERSION = YES_AGGRESSIVE;
				CLANG_CXX_LANGUAGE_STANDARD = "gnu++20";
				CLANG_ENABLE_MODULES = YES;
				CLANG_ENABLE_OBJC_ARC = YES;
				CLANG_ENABLE_OBJC_WEAK = YES;
				CLANG_WARN_BLOCK_CAPTURE_AUTORELEASING = YES;
				CLANG_WARN_BOOL_CONVERSION = YES;
				CLANG_WARN_COMMA = YES;
				CLANG_WARN_CONSTANT_CONVERSION = YES;
				CLANG_WARN_DEPRECATED_OBJC_IMPLEMENTATIONS = YES;
				CLANG_WARN_DIRECT_OBJC_ISA_USAGE = YES_ERROR;
				CLANG_WARN_DOCUMENTATION_COMMENTS = YES;
				CLANG_WARN_EMPTY_BODY = YES;
				CLANG_WARN_ENUM_CONVERSION = YES;
				CLANG_WARN_INFINITE_RECURSION = YES;
				CLANG_WARN_INT_CONVERSION = YES;
				CLANG_WARN_NON_LITERAL_NULL_CONVERSION = YES;
				CLANG_WARN_OBJC_IMPLICIT_RETAIN_SELF = YES;
				CLANG_WARN_OBJC_LITERAL_CONVERSION = YES;
				CLANG_WARN_OBJC_ROOT_CLASS = YES_ERROR;
				CLANG_WARN_QUOTED_INCLUDE_IN_FRAMEWORK_HEADER = YES;
				CLANG_WARN_RANGE_LOOP_ANALYSIS = YES;
				CLANG_WARN_STRICT_PROTOTYPES = YES;
				CLANG_WARN_SUSPICIOUS_MOVE = YES;
				CLANG_WARN_UNGUARDED_AVAILABILITY = YES_AGGRESSIVE;
				CLANG_WARN_UNREACHABLE_CODE = YES;
				CLANG_WARN__DUPLICATE_METHOD_MATCH = YES;
				COPY_PHASE_STRIP = NO;
				DEBUG_INFORMATION_FORMAT = dwarf;
				ENABLE_STRICT_OBJC_MSGSEND = YES;
				ENABLE_TESTABILITY = YES;
				ENABLE_USER_SCRIPT_SANDBOXING = NO;
				GCC_C_LANGUAGE_STANDARD = gnu17;
				GCC_DYNAMIC_NO_PIC = NO;
				GCC_NO_COMMON_BLOCKS = YES;
				GCC_OPTIMIZATION_LEVEL = 0;
				GCC_PREPROCESSOR_DEFINITIONS = (
					"DEBUG=1",
					"$(inherited)",
				);
				GCC_WARN_64_TO_32_BIT_CONVERSION = YES;
				GCC_WARN_ABOUT_RETURN_TYPE = YES_ERROR;
				GCC_WARN_UNDECLARED_SELECTOR = YES;
				GCC_WARN_UNINITIALIZED_AUTOS = YES_AGGRESSIVE;
				GCC_WARN_UNUSED_FUNCTION = YES;
				GCC_WARN_UNUSED_VARIABLE = YES;
				IPHONEOS_DEPLOYMENT_TARGET = 18.0;
				LOCALIZATION_PREFERS_STRING_CATALOGS = YES;
				MTL_ENABLE_DEBUG_INFO = INCLUDE_SOURCE;
				MTL_FAST_MATH = YES;
				ONLY_ACTIVE_ARCH = YES;
				SDKROOT = iphoneos;
				SWIFT_ACTIVE_COMPILATION_CONDITIONS = "DEBUG $(inherited)";
				SWIFT_OPTIMIZATION_LEVEL = "-Onone";
			};
			name = Debug;
		};
		847085B02CC359E100F16AB7 /* Release */ = {
			isa = XCBuildConfiguration;
			buildSettings = {
				ALWAYS_SEARCH_USER_PATHS = NO;
				ASSETCATALOG_COMPILER_GENERATE_SWIFT_ASSET_SYMBOL_EXTENSIONS = YES;
				CLANG_ANALYZER_NONNULL = YES;
				CLANG_ANALYZER_NUMBER_OBJECT_CONVERSION = YES_AGGRESSIVE;
				CLANG_CXX_LANGUAGE_STANDARD = "gnu++20";
				CLANG_ENABLE_MODULES = YES;
				CLANG_ENABLE_OBJC_ARC = YES;
				CLANG_ENABLE_OBJC_WEAK = YES;
				CLANG_WARN_BLOCK_CAPTURE_AUTORELEASING = YES;
				CLANG_WARN_BOOL_CONVERSION = YES;
				CLANG_WARN_COMMA = YES;
				CLANG_WARN_CONSTANT_CONVERSION = YES;
				CLANG_WARN_DEPRECATED_OBJC_IMPLEMENTATIONS = YES;
				CLANG_WARN_DIRECT_OBJC_ISA_USAGE = YES_ERROR;
				CLANG_WARN_DOCUMENTATION_COMMENTS = YES;
				CLANG_WARN_EMPTY_BODY = YES;
				CLANG_WARN_ENUM_CONVERSION = YES;
				CLANG_WARN_INFINITE_RECURSION = YES;
				CLANG_WARN_INT_CONVERSION = YES;
				CLANG_WARN_NON_LITERAL_NULL_CONVERSION = YES;
				CLANG_WARN_OBJC_IMPLICIT_RETAIN_SELF = YES;
				CLANG_WARN_OBJC_LITERAL_CONVERSION = YES;
				CLANG_WARN_OBJC_ROOT_CLASS = YES_ERROR;
				CLANG_WARN_QUOTED_INCLUDE_IN_FRAMEWORK_HEADER = YES;
				CLANG_WARN_RANGE_LOOP_ANALYSIS = YES;
				CLANG_WARN_STRICT_PROTOTYPES = YES;
				CLANG_WARN_SUSPICIOUS_MOVE = YES;
				CLANG_WARN_UNGUARDED_AVAILABILITY = YES_AGGRESSIVE;
				CLANG_WARN_UNREACHABLE_CODE = YES;
				CLANG_WARN__DUPLICATE_METHOD_MATCH = YES;
				COPY_PHASE_STRIP = NO;
				DEBUG_INFORMATION_FORMAT = "dwarf-with-dsym";
				ENABLE_NS_ASSERTIONS = NO;
				ENABLE_STRICT_OBJC_MSGSEND = YES;
				ENABLE_USER_SCRIPT_SANDBOXING = NO;
				GCC_C_LANGUAGE_STANDARD = gnu17;
				GCC_NO_COMMON_BLOCKS = YES;
				GCC_WARN_64_TO_32_BIT_CONVERSION = YES;
				GCC_WARN_ABOUT_RETURN_TYPE = YES_ERROR;
				GCC_WARN_UNDECLARED_SELECTOR = YES;
				GCC_WARN_UNINITIALIZED_AUTOS = YES_AGGRESSIVE;
				GCC_WARN_UNUSED_FUNCTION = YES;
				GCC_WARN_UNUSED_VARIABLE = YES;
				IPHONEOS_DEPLOYMENT_TARGET = 18.0;
				LOCALIZATION_PREFERS_STRING_CATALOGS = YES;
				MTL_ENABLE_DEBUG_INFO = NO;
				MTL_FAST_MATH = YES;
				SDKROOT = iphoneos;
				SWIFT_COMPILATION_MODE = wholemodule;
				VALIDATE_PRODUCT = YES;
			};
			name = Release;
		};
		847085B22CC359E100F16AB7 /* Debug */ = {
			isa = XCBuildConfiguration;
			baseConfigurationReference = 9377608DF64EB843BEDA57EF /* Pods-PocketAmigo.debug.xcconfig */;
			buildSettings = {
				ASSETCATALOG_COMPILER_APPICON_NAME = AppIcon;
				ASSETCATALOG_COMPILER_GLOBAL_ACCENT_COLOR_NAME = AccentColor;
				CODE_SIGN_STYLE = Automatic;
				CURRENT_PROJECT_VERSION = 1;
				DEVELOPMENT_ASSET_PATHS = "\"PocketAmigo/Preview Content\"";
				DEVELOPMENT_TEAM = 5TE6JQ4578;
				ENABLE_PREVIEWS = YES;
				GENERATE_INFOPLIST_FILE = YES;
				INFOPLIST_KEY_UIApplicationSceneManifest_Generation = YES;
				INFOPLIST_KEY_UIApplicationSupportsIndirectInputEvents = YES;
				INFOPLIST_KEY_UILaunchScreen_Generation = YES;
				INFOPLIST_KEY_UISupportedInterfaceOrientations_iPad = "UIInterfaceOrientationPortrait UIInterfaceOrientationPortraitUpsideDown UIInterfaceOrientationLandscapeLeft UIInterfaceOrientationLandscapeRight";
				INFOPLIST_KEY_UISupportedInterfaceOrientations_iPhone = "UIInterfaceOrientationPortrait UIInterfaceOrientationLandscapeLeft UIInterfaceOrientationLandscapeRight";
				LD_RUNPATH_SEARCH_PATHS = (
					"$(inherited)",
					"@executable_path/Frameworks",
				);
				MARKETING_VERSION = 1.0;
				PRODUCT_BUNDLE_IDENTIFIER = ZMX.PocketAmigo;
				PRODUCT_NAME = "$(TARGET_NAME)";
				SWIFT_EMIT_LOC_STRINGS = YES;
				SWIFT_VERSION = 5.0;
				TARGETED_DEVICE_FAMILY = "1,2";
			};
			name = Debug;
		};
		847085B32CC359E100F16AB7 /* Release */ = {
			isa = XCBuildConfiguration;
			baseConfigurationReference = 2A5B8C4618622669821397FA /* Pods-PocketAmigo.release.xcconfig */;
			buildSettings = {
				ASSETCATALOG_COMPILER_APPICON_NAME = AppIcon;
				ASSETCATALOG_COMPILER_GLOBAL_ACCENT_COLOR_NAME = AccentColor;
				CODE_SIGN_STYLE = Automatic;
				CURRENT_PROJECT_VERSION = 1;
				DEVELOPMENT_ASSET_PATHS = "\"PocketAmigo/Preview Content\"";
				DEVELOPMENT_TEAM = 5TE6JQ4578;
				ENABLE_PREVIEWS = YES;
				GENERATE_INFOPLIST_FILE = YES;
				INFOPLIST_KEY_UIApplicationSceneManifest_Generation = YES;
				INFOPLIST_KEY_UIApplicationSupportsIndirectInputEvents = YES;
				INFOPLIST_KEY_UILaunchScreen_Generation = YES;
				INFOPLIST_KEY_UISupportedInterfaceOrientations_iPad = "UIInterfaceOrientationPortrait UIInterfaceOrientationPortraitUpsideDown UIInterfaceOrientationLandscapeLeft UIInterfaceOrientationLandscapeRight";
				INFOPLIST_KEY_UISupportedInterfaceOrientations_iPhone = "UIInterfaceOrientationPortrait UIInterfaceOrientationLandscapeLeft UIInterfaceOrientationLandscapeRight";
				LD_RUNPATH_SEARCH_PATHS = (
					"$(inherited)",
					"@executable_path/Frameworks",
				);
				MARKETING_VERSION = 1.0;
				PRODUCT_BUNDLE_IDENTIFIER = ZMX.PocketAmigo;
				PRODUCT_NAME = "$(TARGET_NAME)";
				SWIFT_EMIT_LOC_STRINGS = YES;
				SWIFT_VERSION = 5.0;
				TARGETED_DEVICE_FAMILY = "1,2";
			};
			name = Release;
		};
		847085B52CC359E100F16AB7 /* Debug */ = {
			isa = XCBuildConfiguration;
			baseConfigurationReference = 7EE9837D70D2AAEB4F62709D /* Pods-PocketAmigoTests.debug.xcconfig */;
			buildSettings = {
				BUNDLE_LOADER = "$(TEST_HOST)";
				CODE_SIGN_STYLE = Automatic;
				CURRENT_PROJECT_VERSION = 1;
				DEVELOPMENT_TEAM = 5TE6JQ4578;
				GENERATE_INFOPLIST_FILE = YES;
				IPHONEOS_DEPLOYMENT_TARGET = 18.0;
				MARKETING_VERSION = 1.0;
				PRODUCT_BUNDLE_IDENTIFIER = ZMX.PocketAmigoTests;
				PRODUCT_NAME = "$(TARGET_NAME)";
				SWIFT_EMIT_LOC_STRINGS = NO;
				SWIFT_VERSION = 5.0;
				TARGETED_DEVICE_FAMILY = "1,2";
				TEST_HOST = "$(BUILT_PRODUCTS_DIR)/PocketAmigo.app/$(BUNDLE_EXECUTABLE_FOLDER_PATH)/PocketAmigo";
			};
			name = Debug;
		};
		847085B62CC359E100F16AB7 /* Release */ = {
			isa = XCBuildConfiguration;
			baseConfigurationReference = 55CDB7411AD08ABB61033D70 /* Pods-PocketAmigoTests.release.xcconfig */;
			buildSettings = {
				BUNDLE_LOADER = "$(TEST_HOST)";
				CODE_SIGN_STYLE = Automatic;
				CURRENT_PROJECT_VERSION = 1;
				DEVELOPMENT_TEAM = 5TE6JQ4578;
				GENERATE_INFOPLIST_FILE = YES;
				IPHONEOS_DEPLOYMENT_TARGET = 18.0;
				MARKETING_VERSION = 1.0;
				PRODUCT_BUNDLE_IDENTIFIER = ZMX.PocketAmigoTests;
				PRODUCT_NAME = "$(TARGET_NAME)";
				SWIFT_EMIT_LOC_STRINGS = NO;
				SWIFT_VERSION = 5.0;
				TARGETED_DEVICE_FAMILY = "1,2";
				TEST_HOST = "$(BUILT_PRODUCTS_DIR)/PocketAmigo.app/$(BUNDLE_EXECUTABLE_FOLDER_PATH)/PocketAmigo";
			};
			name = Release;
		};
		847085B82CC359E100F16AB7 /* Debug */ = {
			isa = XCBuildConfiguration;
			baseConfigurationReference = 6C598D7E3F2215A6E2CF4C06 /* Pods-PocketAmigo-PocketAmigoUITests.debug.xcconfig */;
			buildSettings = {
				CODE_SIGN_STYLE = Automatic;
				CURRENT_PROJECT_VERSION = 1;
				DEVELOPMENT_TEAM = 5TE6JQ4578;
				GENERATE_INFOPLIST_FILE = YES;
				MARKETING_VERSION = 1.0;
				PRODUCT_BUNDLE_IDENTIFIER = ZMX.PocketAmigoUITests;
				PRODUCT_NAME = "$(TARGET_NAME)";
				SWIFT_EMIT_LOC_STRINGS = NO;
				SWIFT_VERSION = 5.0;
				TARGETED_DEVICE_FAMILY = "1,2";
				TEST_TARGET_NAME = PocketAmigo;
			};
			name = Debug;
		};
		847085B92CC359E100F16AB7 /* Release */ = {
			isa = XCBuildConfiguration;
			baseConfigurationReference = 001DD7D03C96C978ACE2B9E2 /* Pods-PocketAmigo-PocketAmigoUITests.release.xcconfig */;
			buildSettings = {
				CODE_SIGN_STYLE = Automatic;
				CURRENT_PROJECT_VERSION = 1;
				DEVELOPMENT_TEAM = 5TE6JQ4578;
				GENERATE_INFOPLIST_FILE = YES;
				MARKETING_VERSION = 1.0;
				PRODUCT_BUNDLE_IDENTIFIER = ZMX.PocketAmigoUITests;
				PRODUCT_NAME = "$(TARGET_NAME)";
				SWIFT_EMIT_LOC_STRINGS = NO;
				SWIFT_VERSION = 5.0;
				TARGETED_DEVICE_FAMILY = "1,2";
				TEST_TARGET_NAME = PocketAmigo;
			};
			name = Release;
		};
/* End XCBuildConfiguration section */

/* Begin XCConfigurationList section */
		847085882CC359DE00F16AB7 /* Build configuration list for PBXProject "PocketAmigo" */ = {
			isa = XCConfigurationList;
			buildConfigurations = (
				847085AF2CC359E100F16AB7 /* Debug */,
				847085B02CC359E100F16AB7 /* Release */,
			);
			defaultConfigurationIsVisible = 0;
			defaultConfigurationName = Release;
		};
		847085B12CC359E100F16AB7 /* Build configuration list for PBXNativeTarget "PocketAmigo" */ = {
			isa = XCConfigurationList;
			buildConfigurations = (
				847085B22CC359E100F16AB7 /* Debug */,
				847085B32CC359E100F16AB7 /* Release */,
			);
			defaultConfigurationIsVisible = 0;
			defaultConfigurationName = Release;
		};
		847085B42CC359E100F16AB7 /* Build configuration list for PBXNativeTarget "PocketAmigoTests" */ = {
			isa = XCConfigurationList;
			buildConfigurations = (
				847085B52CC359E100F16AB7 /* Debug */,
				847085B62CC359E100F16AB7 /* Release */,
			);
			defaultConfigurationIsVisible = 0;
			defaultConfigurationName = Release;
		};
		847085B72CC359E100F16AB7 /* Build configuration list for PBXNativeTarget "PocketAmigoUITests" */ = {
			isa = XCConfigurationList;
			buildConfigurations = (
				847085B82CC359E100F16AB7 /* Debug */,
				847085B92CC359E100F16AB7 /* Release */,
			);
			defaultConfigurationIsVisible = 0;
			defaultConfigurationName = Release;
		};
/* End XCConfigurationList section */
	};
	rootObject = 847085852CC359DE00F16AB7 /* Project object */;
}
